// !$*UTF8*$!
{
	archiveVersion = 1;
	classes = {
	};
	objectVersion = 56;
	objects = {

/* Begin PBXBuildFile section */
		8E2D26D92BA2E4A1006248EA /* MyProfilView.swift in Sources */ = {isa = PBXBuildFile; fileRef = 8E2D26D82BA2E4A1006248EA /* MyProfilView.swift */; };
		8E2D26DB2BA2E4B1006248EA /* OtherProfilView.swift in Sources */ = {isa = PBXBuildFile; fileRef = 8E2D26DA2BA2E4B1006248EA /* OtherProfilView.swift */; };
		8E2D26DD2BA2EA6A006248EA /* ContactService.swift in Sources */ = {isa = PBXBuildFile; fileRef = 8E2D26DC2BA2EA6A006248EA /* ContactService.swift */; };
		8E2D26DF2BA2F131006248EA /* MyProfilViewModel.swift in Sources */ = {isa = PBXBuildFile; fileRef = 8E2D26DE2BA2F131006248EA /* MyProfilViewModel.swift */; };
		8E2D26E12BA2F325006248EA /* MyProfileMenuType.swift in Sources */ = {isa = PBXBuildFile; fileRef = 8E2D26E02BA2F325006248EA /* MyProfileMenuType.swift */; };
		8E2D26E32BA2F6B0006248EA /* MyProfileDescEditView.swift in Sources */ = {isa = PBXBuildFile; fileRef = 8E2D26E22BA2F6B0006248EA /* MyProfileDescEditView.swift */; };
		8E2D26E52BA300BA006248EA /* PhotoPickerService.swift in Sources */ = {isa = PBXBuildFile; fileRef = 8E2D26E42BA300BA006248EA /* PhotoPickerService.swift */; };
		8E2D26E72BA30139006248EA /* PhotoImage.swift in Sources */ = {isa = PBXBuildFile; fileRef = 8E2D26E62BA30139006248EA /* PhotoImage.swift */; };
		8E2D26E92BA303B3006248EA /* FirebaseStorage in Frameworks */ = {isa = PBXBuildFile; productRef = 8E2D26E82BA303B3006248EA /* FirebaseStorage */; };
		8E2D26EB2BA303B3006248EA /* FirebaseStorageCombine-Community in Frameworks */ = {isa = PBXBuildFile; productRef = 8E2D26EA2BA303B3006248EA /* FirebaseStorageCombine-Community */; };
		8E2D26EE2BA303EB006248EA /* UploadProvider.swift in Sources */ = {isa = PBXBuildFile; fileRef = 8E2D26ED2BA303EB006248EA /* UploadProvider.swift */; };
		8E2D26F02BA30432006248EA /* UploadService.swift in Sources */ = {isa = PBXBuildFile; fileRef = 8E2D26EF2BA30432006248EA /* UploadService.swift */; };
		8E2D26F22BA305B0006248EA /* UploadSourceType.swift in Sources */ = {isa = PBXBuildFile; fileRef = 8E2D26F12BA305B0006248EA /* UploadSourceType.swift */; };
		8E2D26F42BA30EEA006248EA /* ImageCacheService.swift in Sources */ = {isa = PBXBuildFile; fileRef = 8E2D26F32BA30EEA006248EA /* ImageCacheService.swift */; };
		8E2D26F62BA30F8E006248EA /* MemoryStorage.swift in Sources */ = {isa = PBXBuildFile; fileRef = 8E2D26F52BA30F8E006248EA /* MemoryStorage.swift */; };
		8E2D26F82BA31012006248EA /* DiskStorage.swift in Sources */ = {isa = PBXBuildFile; fileRef = 8E2D26F72BA31012006248EA /* DiskStorage.swift */; };
		8E2D26FA2BA31140006248EA /* URLImageView.swift in Sources */ = {isa = PBXBuildFile; fileRef = 8E2D26F92BA31140006248EA /* URLImageView.swift */; };
		8E2D26FC2BA3116E006248EA /* URLImageViewModel.swift in Sources */ = {isa = PBXBuildFile; fileRef = 8E2D26FB2BA3116E006248EA /* URLImageViewModel.swift */; };
		8E2D26FE2BA313F3006248EA /* OtherProfileViewModel.swift in Sources */ = {isa = PBXBuildFile; fileRef = 8E2D26FD2BA313F3006248EA /* OtherProfileViewModel.swift */; };
		8E2D27002BA314AF006248EA /* OtherProfileMenuType.swift in Sources */ = {isa = PBXBuildFile; fileRef = 8E2D26FF2BA314AF006248EA /* OtherProfileMenuType.swift */; };
		8E2D27022BA317B7006248EA /* ChatRoomDBReposiory.swift in Sources */ = {isa = PBXBuildFile; fileRef = 8E2D27012BA317B7006248EA /* ChatRoomDBReposiory.swift */; };
		8E2D27042BA317DB006248EA /* ChatRoomObject.swift in Sources */ = {isa = PBXBuildFile; fileRef = 8E2D27032BA317DB006248EA /* ChatRoomObject.swift */; };
		8E2D27062BA31A85006248EA /* ChatRoomService.swift in Sources */ = {isa = PBXBuildFile; fileRef = 8E2D27052BA31A85006248EA /* ChatRoomService.swift */; };
		8E2D27082BA31B89006248EA /* ChatRoom.swift in Sources */ = {isa = PBXBuildFile; fileRef = 8E2D27072BA31B89006248EA /* ChatRoom.swift */; };
		8E2D270A2BA31D8D006248EA /* NavigationDestination.swift in Sources */ = {isa = PBXBuildFile; fileRef = 8E2D27092BA31D8D006248EA /* NavigationDestination.swift */; };
		8E2D270C2BA31DB1006248EA /* NavigationRouter.swift in Sources */ = {isa = PBXBuildFile; fileRef = 8E2D270B2BA31DB1006248EA /* NavigationRouter.swift */; };
		8E2D270F2BA31FE1006248EA /* ChatView.swift in Sources */ = {isa = PBXBuildFile; fileRef = 8E2D270E2BA31FE1006248EA /* ChatView.swift */; };
		8E2D27122BA31FF6006248EA /* SearchView.swift in Sources */ = {isa = PBXBuildFile; fileRef = 8E2D27112BA31FF6006248EA /* SearchView.swift */; };
		8E2D27142BA34031006248EA /* ChatListViewModel.swift in Sources */ = {isa = PBXBuildFile; fileRef = 8E2D27132BA34031006248EA /* ChatListViewModel.swift */; };
		8E2D27162BA34206006248EA /* SearchButtonView.swift in Sources */ = {isa = PBXBuildFile; fileRef = 8E2D27152BA34206006248EA /* SearchButtonView.swift */; };
		8E2D27192BA3442E006248EA /* NavigationRoutingView.swift in Sources */ = {isa = PBXBuildFile; fileRef = 8E2D27182BA3442E006248EA /* NavigationRoutingView.swift */; };
		8E2D271B2BA34A69006248EA /* ChatViewModel.swift in Sources */ = {isa = PBXBuildFile; fileRef = 8E2D271A2BA34A69006248EA /* ChatViewModel.swift */; };
		8E2D271D2BA34D33006248EA /* Chat.swift in Sources */ = {isa = PBXBuildFile; fileRef = 8E2D271C2BA34D33006248EA /* Chat.swift */; };
		8E2D271F2BA34D80006248EA /* ChatData.swift in Sources */ = {isa = PBXBuildFile; fileRef = 8E2D271E2BA34D80006248EA /* ChatData.swift */; };
		8E2D27212BA34DFD006248EA /* Data+Extenstion.swift in Sources */ = {isa = PBXBuildFile; fileRef = 8E2D27202BA34DFD006248EA /* Data+Extenstion.swift */; };
		8E2D27232BA34FD3006248EA /* ChatItemview.swift in Sources */ = {isa = PBXBuildFile; fileRef = 8E2D27222BA34FD3006248EA /* ChatItemview.swift */; };
		8E2D27252BA34FEE006248EA /* ChatItemDirection.swift in Sources */ = {isa = PBXBuildFile; fileRef = 8E2D27242BA34FEE006248EA /* ChatItemDirection.swift */; };
		8E2D27272BA35472006248EA /* KeyboardToolbar.swift in Sources */ = {isa = PBXBuildFile; fileRef = 8E2D27262BA35471006248EA /* KeyboardToolbar.swift */; };
		8E2D27292BA35B6C006248EA /* ChatDBRepository.swift in Sources */ = {isa = PBXBuildFile; fileRef = 8E2D27282BA35B6C006248EA /* ChatDBRepository.swift */; };
		8E2D272B2BA35BBE006248EA /* ChatObject.swift in Sources */ = {isa = PBXBuildFile; fileRef = 8E2D272A2BA35BBE006248EA /* ChatObject.swift */; };
		8E2D272D2BA35CF6006248EA /* ChatService.swift in Sources */ = {isa = PBXBuildFile; fileRef = 8E2D272C2BA35CF6006248EA /* ChatService.swift */; };
		8E7FB87D2B9DE37700F05045 /* LineMessengerApp.swift in Sources */ = {isa = PBXBuildFile; fileRef = 8E7FB87C2B9DE37700F05045 /* LineMessengerApp.swift */; };
		8E7FB87F2B9DE37700F05045 /* AuthenticatedView.swift in Sources */ = {isa = PBXBuildFile; fileRef = 8E7FB87E2B9DE37700F05045 /* AuthenticatedView.swift */; };
		8E7FB8812B9DE37900F05045 /* Assets.xcassets in Resources */ = {isa = PBXBuildFile; fileRef = 8E7FB8802B9DE37900F05045 /* Assets.xcassets */; };
		8E7FB8842B9DE37900F05045 /* Preview Assets.xcassets in Resources */ = {isa = PBXBuildFile; fileRef = 8E7FB8832B9DE37900F05045 /* Preview Assets.xcassets */; };
		8E7FB88E2B9DE37A00F05045 /* LineMessengerTests.swift in Sources */ = {isa = PBXBuildFile; fileRef = 8E7FB88D2B9DE37A00F05045 /* LineMessengerTests.swift */; };
		8E7FB8982B9DE37A00F05045 /* LineMessengerUITests.swift in Sources */ = {isa = PBXBuildFile; fileRef = 8E7FB8972B9DE37A00F05045 /* LineMessengerUITests.swift */; };
		8E7FB89A2B9DE37A00F05045 /* LineMessengerUITestsLaunchTests.swift in Sources */ = {isa = PBXBuildFile; fileRef = 8E7FB8992B9DE37A00F05045 /* LineMessengerUITestsLaunchTests.swift */; };
		8E7FB8A72B9DE66000F05045 /* Colors.xcassets in Resources */ = {isa = PBXBuildFile; fileRef = 8E7FB8A62B9DE66000F05045 /* Colors.xcassets */; };
		8E7FB8AB2B9DE78400F05045 /* LaunchScreen.storyboard in Resources */ = {isa = PBXBuildFile; fileRef = 8E7FB8AA2B9DE78400F05045 /* LaunchScreen.storyboard */; };
		8E7FB8AE2B9DE91100F05045 /* DIContainer.swift in Sources */ = {isa = PBXBuildFile; fileRef = 8E7FB8AD2B9DE91100F05045 /* DIContainer.swift */; };
		8E7FB8B12B9DE93100F05045 /* Services.swift in Sources */ = {isa = PBXBuildFile; fileRef = 8E7FB8B02B9DE93100F05045 /* Services.swift */; };
		8E7FB8B52B9DEA0800F05045 /* AuthenticationViewModel.swift in Sources */ = {isa = PBXBuildFile; fileRef = 8E7FB8B42B9DEA0800F05045 /* AuthenticationViewModel.swift */; };
		8E7FB8BA2B9DEB5B00F05045 /* FirebaseAuth in Frameworks */ = {isa = PBXBuildFile; productRef = 8E7FB8B92B9DEB5B00F05045 /* FirebaseAuth */; };
		8E7FB8BC2B9DEBA100F05045 /* AppDelegate.swift in Sources */ = {isa = PBXBuildFile; fileRef = 8E7FB8BB2B9DEBA100F05045 /* AppDelegate.swift */; };
		8E7FB8BE2B9DEC3D00F05045 /* GoogleService-Info.plist in Resources */ = {isa = PBXBuildFile; fileRef = 8E7FB8BD2B9DEC3D00F05045 /* GoogleService-Info.plist */; };
		8E7FB8C02B9DECA500F05045 /* AuthenticationService.swift in Sources */ = {isa = PBXBuildFile; fileRef = 8E7FB8BF2B9DECA500F05045 /* AuthenticationService.swift */; };
		8E7FB8C42B9DEEAB00F05045 /* LoginIntroView.swift in Sources */ = {isa = PBXBuildFile; fileRef = 8E7FB8C32B9DEEAB00F05045 /* LoginIntroView.swift */; };
		8E7FB8C62B9DEECD00F05045 /* MainTabView.swift in Sources */ = {isa = PBXBuildFile; fileRef = 8E7FB8C52B9DEECD00F05045 /* MainTabView.swift */; };
		8E7FB8C82B9ED8FB00F05045 /* LoginView.swift in Sources */ = {isa = PBXBuildFile; fileRef = 8E7FB8C72B9ED8FB00F05045 /* LoginView.swift */; };
		8E7FB8CA2B9ED9E200F05045 /* LoginButtonStyle.swift in Sources */ = {isa = PBXBuildFile; fileRef = 8E7FB8C92B9ED9E200F05045 /* LoginButtonStyle.swift */; };
		8E7FB8CD2B9EE17900F05045 /* GoogleSignIn in Frameworks */ = {isa = PBXBuildFile; productRef = 8E7FB8CC2B9EE17900F05045 /* GoogleSignIn */; };
		8E7FB8D02B9EE29700F05045 /* User.swift in Sources */ = {isa = PBXBuildFile; fileRef = 8E7FB8CF2B9EE29700F05045 /* User.swift */; };
		8E7FB8D22B9EE2E800F05045 /* ServiceError.swift in Sources */ = {isa = PBXBuildFile; fileRef = 8E7FB8D12B9EE2E800F05045 /* ServiceError.swift */; };
		8E7FB8D62B9F489800F05045 /* RandomNonceString.swift in Sources */ = {isa = PBXBuildFile; fileRef = 8E7FB8D52B9F489800F05045 /* RandomNonceString.swift */; };
		8E7FB8D82B9F48AB00F05045 /* SHA256.swift in Sources */ = {isa = PBXBuildFile; fileRef = 8E7FB8D72B9F48AB00F05045 /* SHA256.swift */; };
		8E7FB8DA2B9F57E800F05045 /* MainTabType.swift in Sources */ = {isa = PBXBuildFile; fileRef = 8E7FB8D92B9F57E800F05045 /* MainTabType.swift */; };
		8E7FB8DE2B9F586A00F05045 /* ChatListView.swift in Sources */ = {isa = PBXBuildFile; fileRef = 8E7FB8DD2B9F586A00F05045 /* ChatListView.swift */; };
		8E7FB8E02B9F586F00F05045 /* HomeView.swift in Sources */ = {isa = PBXBuildFile; fileRef = 8E7FB8DF2B9F586F00F05045 /* HomeView.swift */; };
		8E7FB8E22B9F5A7F00F05045 /* HomeViewModel.swift in Sources */ = {isa = PBXBuildFile; fileRef = 8E7FB8E12B9F5A7F00F05045 /* HomeViewModel.swift */; };
		8E7FB8E52B9FEC2400F05045 /* FirebaseDatabase in Frameworks */ = {isa = PBXBuildFile; productRef = 8E7FB8E42B9FEC2400F05045 /* FirebaseDatabase */; };
		8E7FB8E82B9FECB800F05045 /* UserDBRepository.swift in Sources */ = {isa = PBXBuildFile; fileRef = 8E7FB8E72B9FECB800F05045 /* UserDBRepository.swift */; };
		8E7FB8EA2B9FECFB00F05045 /* UserService.swift in Sources */ = {isa = PBXBuildFile; fileRef = 8E7FB8E92B9FECFB00F05045 /* UserService.swift */; };
		8E7FB8ED2B9FEEFA00F05045 /* UserObject.swift in Sources */ = {isa = PBXBuildFile; fileRef = 8E7FB8EC2B9FEEFA00F05045 /* UserObject.swift */; };
		8E7FB8EF2B9FEF6900F05045 /* DBError.swift in Sources */ = {isa = PBXBuildFile; fileRef = 8E7FB8EE2B9FEF6900F05045 /* DBError.swift */; };
		8E7FB8F12B9FF1A100F05045 /* Constant.swift in Sources */ = {isa = PBXBuildFile; fileRef = 8E7FB8F02B9FF1A100F05045 /* Constant.swift */; };
		8E7FB8F32BA090A500F05045 /* Phase.swift in Sources */ = {isa = PBXBuildFile; fileRef = 8E7FB8F22BA090A500F05045 /* Phase.swift */; };
		8E7FB8F52BA091BB00F05045 /* PlaceholderView.swift in Sources */ = {isa = PBXBuildFile; fileRef = 8E7FB8F42BA091BB00F05045 /* PlaceholderView.swift */; };
		8E7FB8F72BA091F000F05045 /* LoadingView.swift in Sources */ = {isa = PBXBuildFile; fileRef = 8E7FB8F62BA091F000F05045 /* LoadingView.swift */; };
		8E7FB8F92BA0925A00F05045 /* ErrorView.swift in Sources */ = {isa = PBXBuildFile; fileRef = 8E7FB8F82BA0925A00F05045 /* ErrorView.swift */; };
		8E7FB8FB2BA0943C00F05045 /* HomeModalDestination.swift in Sources */ = {isa = PBXBuildFile; fileRef = 8E7FB8FA2BA0943C00F05045 /* HomeModalDestination.swift */; };
/* End PBXBuildFile section */

/* Begin PBXContainerItemProxy section */
		8E7FB88A2B9DE37A00F05045 /* PBXContainerItemProxy */ = {
			isa = PBXContainerItemProxy;
			containerPortal = 8E7FB8712B9DE37700F05045 /* Project object */;
			proxyType = 1;
			remoteGlobalIDString = 8E7FB8782B9DE37700F05045;
			remoteInfo = LineMessenger;
		};
		8E7FB8942B9DE37A00F05045 /* PBXContainerItemProxy */ = {
			isa = PBXContainerItemProxy;
			containerPortal = 8E7FB8712B9DE37700F05045 /* Project object */;
			proxyType = 1;
			remoteGlobalIDString = 8E7FB8782B9DE37700F05045;
			remoteInfo = LineMessenger;
		};
/* End PBXContainerItemProxy section */

/* Begin PBXFileReference section */
		8E2D26D82BA2E4A1006248EA /* MyProfilView.swift */ = {isa = PBXFileReference; lastKnownFileType = sourcecode.swift; path = MyProfilView.swift; sourceTree = "<group>"; };
		8E2D26DA2BA2E4B1006248EA /* OtherProfilView.swift */ = {isa = PBXFileReference; lastKnownFileType = sourcecode.swift; path = OtherProfilView.swift; sourceTree = "<group>"; };
		8E2D26DC2BA2EA6A006248EA /* ContactService.swift */ = {isa = PBXFileReference; lastKnownFileType = sourcecode.swift; path = ContactService.swift; sourceTree = "<group>"; };
		8E2D26DE2BA2F131006248EA /* MyProfilViewModel.swift */ = {isa = PBXFileReference; lastKnownFileType = sourcecode.swift; path = MyProfilViewModel.swift; sourceTree = "<group>"; };
		8E2D26E02BA2F325006248EA /* MyProfileMenuType.swift */ = {isa = PBXFileReference; lastKnownFileType = sourcecode.swift; path = MyProfileMenuType.swift; sourceTree = "<group>"; };
		8E2D26E22BA2F6B0006248EA /* MyProfileDescEditView.swift */ = {isa = PBXFileReference; lastKnownFileType = sourcecode.swift; path = MyProfileDescEditView.swift; sourceTree = "<group>"; };
		8E2D26E42BA300BA006248EA /* PhotoPickerService.swift */ = {isa = PBXFileReference; lastKnownFileType = sourcecode.swift; path = PhotoPickerService.swift; sourceTree = "<group>"; };
		8E2D26E62BA30139006248EA /* PhotoImage.swift */ = {isa = PBXFileReference; lastKnownFileType = sourcecode.swift; path = PhotoImage.swift; sourceTree = "<group>"; };
		8E2D26ED2BA303EB006248EA /* UploadProvider.swift */ = {isa = PBXFileReference; lastKnownFileType = sourcecode.swift; path = UploadProvider.swift; sourceTree = "<group>"; };
		8E2D26EF2BA30432006248EA /* UploadService.swift */ = {isa = PBXFileReference; lastKnownFileType = sourcecode.swift; path = UploadService.swift; sourceTree = "<group>"; };
		8E2D26F12BA305B0006248EA /* UploadSourceType.swift */ = {isa = PBXFileReference; lastKnownFileType = sourcecode.swift; path = UploadSourceType.swift; sourceTree = "<group>"; };
		8E2D26F32BA30EEA006248EA /* ImageCacheService.swift */ = {isa = PBXFileReference; lastKnownFileType = sourcecode.swift; path = ImageCacheService.swift; sourceTree = "<group>"; };
		8E2D26F52BA30F8E006248EA /* MemoryStorage.swift */ = {isa = PBXFileReference; lastKnownFileType = sourcecode.swift; path = MemoryStorage.swift; sourceTree = "<group>"; };
		8E2D26F72BA31012006248EA /* DiskStorage.swift */ = {isa = PBXFileReference; lastKnownFileType = sourcecode.swift; path = DiskStorage.swift; sourceTree = "<group>"; };
		8E2D26F92BA31140006248EA /* URLImageView.swift */ = {isa = PBXFileReference; lastKnownFileType = sourcecode.swift; path = URLImageView.swift; sourceTree = "<group>"; };
		8E2D26FB2BA3116E006248EA /* URLImageViewModel.swift */ = {isa = PBXFileReference; lastKnownFileType = sourcecode.swift; path = URLImageViewModel.swift; sourceTree = "<group>"; };
		8E2D26FD2BA313F3006248EA /* OtherProfileViewModel.swift */ = {isa = PBXFileReference; lastKnownFileType = sourcecode.swift; path = OtherProfileViewModel.swift; sourceTree = "<group>"; };
		8E2D26FF2BA314AF006248EA /* OtherProfileMenuType.swift */ = {isa = PBXFileReference; lastKnownFileType = sourcecode.swift; path = OtherProfileMenuType.swift; sourceTree = "<group>"; };
		8E2D27012BA317B7006248EA /* ChatRoomDBReposiory.swift */ = {isa = PBXFileReference; lastKnownFileType = sourcecode.swift; path = ChatRoomDBReposiory.swift; sourceTree = "<group>"; };
		8E2D27032BA317DB006248EA /* ChatRoomObject.swift */ = {isa = PBXFileReference; lastKnownFileType = sourcecode.swift; path = ChatRoomObject.swift; sourceTree = "<group>"; };
		8E2D27052BA31A85006248EA /* ChatRoomService.swift */ = {isa = PBXFileReference; lastKnownFileType = sourcecode.swift; path = ChatRoomService.swift; sourceTree = "<group>"; };
		8E2D27072BA31B89006248EA /* ChatRoom.swift */ = {isa = PBXFileReference; lastKnownFileType = sourcecode.swift; path = ChatRoom.swift; sourceTree = "<group>"; };
		8E2D27092BA31D8D006248EA /* NavigationDestination.swift */ = {isa = PBXFileReference; lastKnownFileType = sourcecode.swift; path = NavigationDestination.swift; sourceTree = "<group>"; };
		8E2D270B2BA31DB1006248EA /* NavigationRouter.swift */ = {isa = PBXFileReference; lastKnownFileType = sourcecode.swift; path = NavigationRouter.swift; sourceTree = "<group>"; };
		8E2D270E2BA31FE1006248EA /* ChatView.swift */ = {isa = PBXFileReference; lastKnownFileType = sourcecode.swift; path = ChatView.swift; sourceTree = "<group>"; };
		8E2D27112BA31FF6006248EA /* SearchView.swift */ = {isa = PBXFileReference; lastKnownFileType = sourcecode.swift; path = SearchView.swift; sourceTree = "<group>"; };
		8E2D27132BA34031006248EA /* ChatListViewModel.swift */ = {isa = PBXFileReference; lastKnownFileType = sourcecode.swift; path = ChatListViewModel.swift; sourceTree = "<group>"; };
		8E2D27152BA34206006248EA /* SearchButtonView.swift */ = {isa = PBXFileReference; lastKnownFileType = sourcecode.swift; path = SearchButtonView.swift; sourceTree = "<group>"; };
		8E2D27182BA3442E006248EA /* NavigationRoutingView.swift */ = {isa = PBXFileReference; lastKnownFileType = sourcecode.swift; path = NavigationRoutingView.swift; sourceTree = "<group>"; };
		8E2D271A2BA34A69006248EA /* ChatViewModel.swift */ = {isa = PBXFileReference; lastKnownFileType = sourcecode.swift; path = ChatViewModel.swift; sourceTree = "<group>"; };
		8E2D271C2BA34D33006248EA /* Chat.swift */ = {isa = PBXFileReference; lastKnownFileType = sourcecode.swift; path = Chat.swift; sourceTree = "<group>"; };
		8E2D271E2BA34D80006248EA /* ChatData.swift */ = {isa = PBXFileReference; lastKnownFileType = sourcecode.swift; path = ChatData.swift; sourceTree = "<group>"; };
		8E2D27202BA34DFD006248EA /* Data+Extenstion.swift */ = {isa = PBXFileReference; lastKnownFileType = sourcecode.swift; path = "Data+Extenstion.swift"; sourceTree = "<group>"; };
		8E2D27222BA34FD3006248EA /* ChatItemview.swift */ = {isa = PBXFileReference; lastKnownFileType = sourcecode.swift; path = ChatItemview.swift; sourceTree = "<group>"; };
		8E2D27242BA34FEE006248EA /* ChatItemDirection.swift */ = {isa = PBXFileReference; lastKnownFileType = sourcecode.swift; path = ChatItemDirection.swift; sourceTree = "<group>"; };
		8E2D27262BA35471006248EA /* KeyboardToolbar.swift */ = {isa = PBXFileReference; lastKnownFileType = sourcecode.swift; path = KeyboardToolbar.swift; sourceTree = "<group>"; };
		8E2D27282BA35B6C006248EA /* ChatDBRepository.swift */ = {isa = PBXFileReference; lastKnownFileType = sourcecode.swift; path = ChatDBRepository.swift; sourceTree = "<group>"; };
		8E2D272A2BA35BBE006248EA /* ChatObject.swift */ = {isa = PBXFileReference; lastKnownFileType = sourcecode.swift; path = ChatObject.swift; sourceTree = "<group>"; };
		8E2D272C2BA35CF6006248EA /* ChatService.swift */ = {isa = PBXFileReference; lastKnownFileType = sourcecode.swift; path = ChatService.swift; sourceTree = "<group>"; };
		8E7FB8792B9DE37700F05045 /* LineMessenger.app */ = {isa = PBXFileReference; explicitFileType = wrapper.application; includeInIndex = 0; path = LineMessenger.app; sourceTree = BUILT_PRODUCTS_DIR; };
		8E7FB87C2B9DE37700F05045 /* LineMessengerApp.swift */ = {isa = PBXFileReference; lastKnownFileType = sourcecode.swift; path = LineMessengerApp.swift; sourceTree = "<group>"; };
		8E7FB87E2B9DE37700F05045 /* AuthenticatedView.swift */ = {isa = PBXFileReference; lastKnownFileType = sourcecode.swift; path = AuthenticatedView.swift; sourceTree = "<group>"; };
		8E7FB8802B9DE37900F05045 /* Assets.xcassets */ = {isa = PBXFileReference; lastKnownFileType = folder.assetcatalog; path = Assets.xcassets; sourceTree = "<group>"; };
		8E7FB8832B9DE37900F05045 /* Preview Assets.xcassets */ = {isa = PBXFileReference; lastKnownFileType = folder.assetcatalog; path = "Preview Assets.xcassets"; sourceTree = "<group>"; };
		8E7FB8892B9DE37A00F05045 /* LineMessengerTests.xctest */ = {isa = PBXFileReference; explicitFileType = wrapper.cfbundle; includeInIndex = 0; path = LineMessengerTests.xctest; sourceTree = BUILT_PRODUCTS_DIR; };
		8E7FB88D2B9DE37A00F05045 /* LineMessengerTests.swift */ = {isa = PBXFileReference; lastKnownFileType = sourcecode.swift; path = LineMessengerTests.swift; sourceTree = "<group>"; };
		8E7FB8932B9DE37A00F05045 /* LineMessengerUITests.xctest */ = {isa = PBXFileReference; explicitFileType = wrapper.cfbundle; includeInIndex = 0; path = LineMessengerUITests.xctest; sourceTree = BUILT_PRODUCTS_DIR; };
		8E7FB8972B9DE37A00F05045 /* LineMessengerUITests.swift */ = {isa = PBXFileReference; lastKnownFileType = sourcecode.swift; path = LineMessengerUITests.swift; sourceTree = "<group>"; };
		8E7FB8992B9DE37A00F05045 /* LineMessengerUITestsLaunchTests.swift */ = {isa = PBXFileReference; lastKnownFileType = sourcecode.swift; path = LineMessengerUITestsLaunchTests.swift; sourceTree = "<group>"; };
		8E7FB8A62B9DE66000F05045 /* Colors.xcassets */ = {isa = PBXFileReference; lastKnownFileType = folder.assetcatalog; path = Colors.xcassets; sourceTree = "<group>"; };
		8E7FB8A92B9DE6D700F05045 /* Info.plist */ = {isa = PBXFileReference; lastKnownFileType = text.plist; path = Info.plist; sourceTree = "<group>"; };
		8E7FB8AA2B9DE78400F05045 /* LaunchScreen.storyboard */ = {isa = PBXFileReference; fileEncoding = 4; lastKnownFileType = file.storyboard; path = LaunchScreen.storyboard; sourceTree = "<group>"; };
		8E7FB8AD2B9DE91100F05045 /* DIContainer.swift */ = {isa = PBXFileReference; lastKnownFileType = sourcecode.swift; path = DIContainer.swift; sourceTree = "<group>"; };
		8E7FB8B02B9DE93100F05045 /* Services.swift */ = {isa = PBXFileReference; lastKnownFileType = sourcecode.swift; path = Services.swift; sourceTree = "<group>"; };
		8E7FB8B42B9DEA0800F05045 /* AuthenticationViewModel.swift */ = {isa = PBXFileReference; lastKnownFileType = sourcecode.swift; path = AuthenticationViewModel.swift; sourceTree = "<group>"; };
		8E7FB8BB2B9DEBA100F05045 /* AppDelegate.swift */ = {isa = PBXFileReference; lastKnownFileType = sourcecode.swift; path = AppDelegate.swift; sourceTree = "<group>"; };
		8E7FB8BD2B9DEC3D00F05045 /* GoogleService-Info.plist */ = {isa = PBXFileReference; fileEncoding = 4; lastKnownFileType = text.plist.xml; path = "GoogleService-Info.plist"; sourceTree = "<group>"; };
		8E7FB8BF2B9DECA500F05045 /* AuthenticationService.swift */ = {isa = PBXFileReference; lastKnownFileType = sourcecode.swift; path = AuthenticationService.swift; sourceTree = "<group>"; };
		8E7FB8C32B9DEEAB00F05045 /* LoginIntroView.swift */ = {isa = PBXFileReference; lastKnownFileType = sourcecode.swift; path = LoginIntroView.swift; sourceTree = "<group>"; };
		8E7FB8C52B9DEECD00F05045 /* MainTabView.swift */ = {isa = PBXFileReference; lastKnownFileType = sourcecode.swift; path = MainTabView.swift; sourceTree = "<group>"; };
		8E7FB8C72B9ED8FB00F05045 /* LoginView.swift */ = {isa = PBXFileReference; lastKnownFileType = sourcecode.swift; path = LoginView.swift; sourceTree = "<group>"; };
		8E7FB8C92B9ED9E200F05045 /* LoginButtonStyle.swift */ = {isa = PBXFileReference; lastKnownFileType = sourcecode.swift; path = LoginButtonStyle.swift; sourceTree = "<group>"; };
		8E7FB8CF2B9EE29700F05045 /* User.swift */ = {isa = PBXFileReference; lastKnownFileType = sourcecode.swift; path = User.swift; sourceTree = "<group>"; };
		8E7FB8D12B9EE2E800F05045 /* ServiceError.swift */ = {isa = PBXFileReference; lastKnownFileType = sourcecode.swift; path = ServiceError.swift; sourceTree = "<group>"; };
		8E7FB8D32B9EFACD00F05045 /* LineMessenger.entitlements */ = {isa = PBXFileReference; lastKnownFileType = text.plist.entitlements; path = LineMessenger.entitlements; sourceTree = "<group>"; };
		8E7FB8D52B9F489800F05045 /* RandomNonceString.swift */ = {isa = PBXFileReference; lastKnownFileType = sourcecode.swift; path = RandomNonceString.swift; sourceTree = "<group>"; };
		8E7FB8D72B9F48AB00F05045 /* SHA256.swift */ = {isa = PBXFileReference; lastKnownFileType = sourcecode.swift; path = SHA256.swift; sourceTree = "<group>"; };
		8E7FB8D92B9F57E800F05045 /* MainTabType.swift */ = {isa = PBXFileReference; lastKnownFileType = sourcecode.swift; path = MainTabType.swift; sourceTree = "<group>"; };
		8E7FB8DD2B9F586A00F05045 /* ChatListView.swift */ = {isa = PBXFileReference; lastKnownFileType = sourcecode.swift; path = ChatListView.swift; sourceTree = "<group>"; };
		8E7FB8DF2B9F586F00F05045 /* HomeView.swift */ = {isa = PBXFileReference; lastKnownFileType = sourcecode.swift; path = HomeView.swift; sourceTree = "<group>"; };
		8E7FB8E12B9F5A7F00F05045 /* HomeViewModel.swift */ = {isa = PBXFileReference; lastKnownFileType = sourcecode.swift; path = HomeViewModel.swift; sourceTree = "<group>"; };
		8E7FB8E72B9FECB800F05045 /* UserDBRepository.swift */ = {isa = PBXFileReference; lastKnownFileType = sourcecode.swift; path = UserDBRepository.swift; sourceTree = "<group>"; };
		8E7FB8E92B9FECFB00F05045 /* UserService.swift */ = {isa = PBXFileReference; lastKnownFileType = sourcecode.swift; path = UserService.swift; sourceTree = "<group>"; };
		8E7FB8EC2B9FEEFA00F05045 /* UserObject.swift */ = {isa = PBXFileReference; lastKnownFileType = sourcecode.swift; path = UserObject.swift; sourceTree = "<group>"; };
		8E7FB8EE2B9FEF6900F05045 /* DBError.swift */ = {isa = PBXFileReference; lastKnownFileType = sourcecode.swift; path = DBError.swift; sourceTree = "<group>"; };
		8E7FB8F02B9FF1A100F05045 /* Constant.swift */ = {isa = PBXFileReference; lastKnownFileType = sourcecode.swift; path = Constant.swift; sourceTree = "<group>"; };
		8E7FB8F22BA090A500F05045 /* Phase.swift */ = {isa = PBXFileReference; lastKnownFileType = sourcecode.swift; path = Phase.swift; sourceTree = "<group>"; };
		8E7FB8F42BA091BB00F05045 /* PlaceholderView.swift */ = {isa = PBXFileReference; lastKnownFileType = sourcecode.swift; path = PlaceholderView.swift; sourceTree = "<group>"; };
		8E7FB8F62BA091F000F05045 /* LoadingView.swift */ = {isa = PBXFileReference; lastKnownFileType = sourcecode.swift; path = LoadingView.swift; sourceTree = "<group>"; };
		8E7FB8F82BA0925A00F05045 /* ErrorView.swift */ = {isa = PBXFileReference; lastKnownFileType = sourcecode.swift; path = ErrorView.swift; sourceTree = "<group>"; };
		8E7FB8FA2BA0943C00F05045 /* HomeModalDestination.swift */ = {isa = PBXFileReference; lastKnownFileType = sourcecode.swift; path = HomeModalDestination.swift; sourceTree = "<group>"; };
/* End PBXFileReference section */

/* Begin PBXFrameworksBuildPhase section */
		8E7FB8762B9DE37700F05045 /* Frameworks */ = {
			isa = PBXFrameworksBuildPhase;
			buildActionMask = 2147483647;
			files = (
				8E7FB8E52B9FEC2400F05045 /* FirebaseDatabase in Frameworks */,
				8E2D26E92BA303B3006248EA /* FirebaseStorage in Frameworks */,
				8E2D26EB2BA303B3006248EA /* FirebaseStorageCombine-Community in Frameworks */,
				8E7FB8BA2B9DEB5B00F05045 /* FirebaseAuth in Frameworks */,
				8E7FB8CD2B9EE17900F05045 /* GoogleSignIn in Frameworks */,
			);
			runOnlyForDeploymentPostprocessing = 0;
		};
		8E7FB8862B9DE37A00F05045 /* Frameworks */ = {
			isa = PBXFrameworksBuildPhase;
			buildActionMask = 2147483647;
			files = (
			);
			runOnlyForDeploymentPostprocessing = 0;
		};
		8E7FB8902B9DE37A00F05045 /* Frameworks */ = {
			isa = PBXFrameworksBuildPhase;
			buildActionMask = 2147483647;
			files = (
			);
			runOnlyForDeploymentPostprocessing = 0;
		};
/* End PBXFrameworksBuildPhase section */

/* Begin PBXGroup section */
		8E2D26EC2BA303DD006248EA /* Provider */ = {
			isa = PBXGroup;
			children = (
				8E2D26ED2BA303EB006248EA /* UploadProvider.swift */,
			);
			path = Provider;
			sourceTree = "<group>";
		};
		8E2D270D2BA31FC6006248EA /*  Chat */ = {
			isa = PBXGroup;
			children = (
				8E2D270E2BA31FE1006248EA /* ChatView.swift */,
				8E2D271A2BA34A69006248EA /* ChatViewModel.swift */,
				8E2D27222BA34FD3006248EA /* ChatItemview.swift */,
				8E2D27242BA34FEE006248EA /* ChatItemDirection.swift */,
				8E2D27262BA35471006248EA /* KeyboardToolbar.swift */,
			);
			path = " Chat";
			sourceTree = "<group>";
		};
		8E2D27102BA31FEB006248EA /* Search */ = {
			isa = PBXGroup;
			children = (
				8E2D27112BA31FF6006248EA /* SearchView.swift */,
			);
			path = Search;
			sourceTree = "<group>";
		};
		8E2D27172BA34415006248EA /* Navigation */ = {
			isa = PBXGroup;
			children = (
				8E2D27092BA31D8D006248EA /* NavigationDestination.swift */,
				8E2D270B2BA31DB1006248EA /* NavigationRouter.swift */,
				8E2D27182BA3442E006248EA /* NavigationRoutingView.swift */,
			);
			path = Navigation;
			sourceTree = "<group>";
		};
		8E7FB8702B9DE37700F05045 = {
			isa = PBXGroup;
			children = (
				8E7FB87B2B9DE37700F05045 /* LineMessenger */,
				8E7FB88C2B9DE37A00F05045 /* LineMessengerTests */,
				8E7FB8962B9DE37A00F05045 /* LineMessengerUITests */,
				8E7FB87A2B9DE37700F05045 /* Products */,
				8E7FB8E32B9FEC2400F05045 /* Frameworks */,
			);
			sourceTree = "<group>";
		};
		8E7FB87A2B9DE37700F05045 /* Products */ = {
			isa = PBXGroup;
			children = (
				8E7FB8792B9DE37700F05045 /* LineMessenger.app */,
				8E7FB8892B9DE37A00F05045 /* LineMessengerTests.xctest */,
				8E7FB8932B9DE37A00F05045 /* LineMessengerUITests.xctest */,
			);
			name = Products;
			sourceTree = "<group>";
		};
		8E7FB87B2B9DE37700F05045 /* LineMessenger */ = {
			isa = PBXGroup;
			children = (
				8E2D26EC2BA303DD006248EA /* Provider */,
				8E7FB8D42B9F483D00F05045 /* Util */,
				8E7FB8D32B9EFACD00F05045 /* LineMessenger.entitlements */,
				8E7FB8CE2B9EE29000F05045 /* Model */,
				8E7FB8BD2B9DEC3D00F05045 /* GoogleService-Info.plist */,
				8E7FB8E62B9FEC9700F05045 /* Repository */,
				8E7FB8B22B9DE9D500F05045 /* View */,
				8E7FB8AF2B9DE92800F05045 /* Services */,
				8E7FB8AC2B9DE8FE00F05045 /* General */,
				8E7FB8A92B9DE6D700F05045 /* Info.plist */,
				8E7FB8A82B9DE67900F05045 /* Resource */,
				8E7FB87C2B9DE37700F05045 /* LineMessengerApp.swift */,
				8E7FB8BB2B9DEBA100F05045 /* AppDelegate.swift */,
				8E7FB8AA2B9DE78400F05045 /* LaunchScreen.storyboard */,
				8E2D27172BA34415006248EA /* Navigation */,
				8E7FB8822B9DE37900F05045 /* Preview Content */,
				8E2D27202BA34DFD006248EA /* Data+Extenstion.swift */,
			);
			path = LineMessenger;
			sourceTree = "<group>";
		};
		8E7FB8822B9DE37900F05045 /* Preview Content */ = {
			isa = PBXGroup;
			children = (
				8E7FB8832B9DE37900F05045 /* Preview Assets.xcassets */,
			);
			path = "Preview Content";
			sourceTree = "<group>";
		};
		8E7FB88C2B9DE37A00F05045 /* LineMessengerTests */ = {
			isa = PBXGroup;
			children = (
				8E7FB88D2B9DE37A00F05045 /* LineMessengerTests.swift */,
			);
			path = LineMessengerTests;
			sourceTree = "<group>";
		};
		8E7FB8962B9DE37A00F05045 /* LineMessengerUITests */ = {
			isa = PBXGroup;
			children = (
				8E7FB8972B9DE37A00F05045 /* LineMessengerUITests.swift */,
				8E7FB8992B9DE37A00F05045 /* LineMessengerUITestsLaunchTests.swift */,
			);
			path = LineMessengerUITests;
			sourceTree = "<group>";
		};
		8E7FB8A82B9DE67900F05045 /* Resource */ = {
			isa = PBXGroup;
			children = (
				8E7FB8802B9DE37900F05045 /* Assets.xcassets */,
				8E7FB8A62B9DE66000F05045 /* Colors.xcassets */,
			);
			path = Resource;
			sourceTree = "<group>";
		};
		8E7FB8AC2B9DE8FE00F05045 /* General */ = {
			isa = PBXGroup;
			children = (
				8E7FB8AD2B9DE91100F05045 /* DIContainer.swift */,
				8E7FB8F02B9FF1A100F05045 /* Constant.swift */,
				8E7FB8F22BA090A500F05045 /* Phase.swift */,
			);
			path = General;
			sourceTree = "<group>";
		};
		8E7FB8AF2B9DE92800F05045 /* Services */ = {
			isa = PBXGroup;
			children = (
				8E7FB8B02B9DE93100F05045 /* Services.swift */,
				8E7FB8BF2B9DECA500F05045 /* AuthenticationService.swift */,
				8E7FB8D12B9EE2E800F05045 /* ServiceError.swift */,
				8E7FB8E92B9FECFB00F05045 /* UserService.swift */,
				8E2D26DC2BA2EA6A006248EA /* ContactService.swift */,
				8E2D26E42BA300BA006248EA /* PhotoPickerService.swift */,
				8E2D26E62BA30139006248EA /* PhotoImage.swift */,
				8E2D26EF2BA30432006248EA /* UploadService.swift */,
				8E2D26F12BA305B0006248EA /* UploadSourceType.swift */,
				8E2D26F32BA30EEA006248EA /* ImageCacheService.swift */,
				8E2D26F52BA30F8E006248EA /* MemoryStorage.swift */,
				8E2D26F72BA31012006248EA /* DiskStorage.swift */,
				8E2D27052BA31A85006248EA /* ChatRoomService.swift */,
				8E2D272C2BA35CF6006248EA /* ChatService.swift */,
			);
			path = Services;
			sourceTree = "<group>";
		};
		8E7FB8B22B9DE9D500F05045 /* View */ = {
			isa = PBXGroup;
			children = (
				8E2D27152BA34206006248EA /* SearchButtonView.swift */,
				8E2D27102BA31FEB006248EA /* Search */,
				8E2D270D2BA31FC6006248EA /*  Chat */,
				8E7FB8FC2BA094CF00F05045 /* Profile */,
				8E7FB8C22B9DEE8F00F05045 /* MainTab */,
				8E7FB8DC2B9F585E00F05045 /* ChatList */,
				8E7FB8DB2B9F584F00F05045 /* Home */,
				8E7FB8C12B9DEE8100F05045 /* Login */,
				8E7FB8B32B9DE9DC00F05045 /* Authentication */,
				8E7FB8F42BA091BB00F05045 /* PlaceholderView.swift */,
				8E7FB8F62BA091F000F05045 /* LoadingView.swift */,
				8E7FB8F82BA0925A00F05045 /* ErrorView.swift */,
				8E2D26F92BA31140006248EA /* URLImageView.swift */,
				8E2D26FB2BA3116E006248EA /* URLImageViewModel.swift */,
			);
			path = View;
			sourceTree = "<group>";
		};
		8E7FB8B32B9DE9DC00F05045 /* Authentication */ = {
			isa = PBXGroup;
			children = (
				8E7FB87E2B9DE37700F05045 /* AuthenticatedView.swift */,
				8E7FB8B42B9DEA0800F05045 /* AuthenticationViewModel.swift */,
			);
			path = Authentication;
			sourceTree = "<group>";
		};
		8E7FB8C12B9DEE8100F05045 /* Login */ = {
			isa = PBXGroup;
			children = (
				8E7FB8C32B9DEEAB00F05045 /* LoginIntroView.swift */,
				8E7FB8C72B9ED8FB00F05045 /* LoginView.swift */,
				8E7FB8C92B9ED9E200F05045 /* LoginButtonStyle.swift */,
			);
			path = Login;
			sourceTree = "<group>";
		};
		8E7FB8C22B9DEE8F00F05045 /* MainTab */ = {
			isa = PBXGroup;
			children = (
				8E7FB8C52B9DEECD00F05045 /* MainTabView.swift */,
				8E7FB8D92B9F57E800F05045 /* MainTabType.swift */,
			);
			path = MainTab;
			sourceTree = "<group>";
		};
		8E7FB8CE2B9EE29000F05045 /* Model */ = {
			isa = PBXGroup;
			children = (
				8E7FB8CF2B9EE29700F05045 /* User.swift */,
				8E2D27072BA31B89006248EA /* ChatRoom.swift */,
				8E2D271C2BA34D33006248EA /* Chat.swift */,
				8E2D271E2BA34D80006248EA /* ChatData.swift */,
			);
			path = Model;
			sourceTree = "<group>";
		};
		8E7FB8D42B9F483D00F05045 /* Util */ = {
			isa = PBXGroup;
			children = (
				8E7FB8D52B9F489800F05045 /* RandomNonceString.swift */,
				8E7FB8D72B9F48AB00F05045 /* SHA256.swift */,
			);
			path = Util;
			sourceTree = "<group>";
		};
		8E7FB8DB2B9F584F00F05045 /* Home */ = {
			isa = PBXGroup;
			children = (
				8E7FB8DF2B9F586F00F05045 /* HomeView.swift */,
				8E7FB8E12B9F5A7F00F05045 /* HomeViewModel.swift */,
				8E7FB8FA2BA0943C00F05045 /* HomeModalDestination.swift */,
			);
			path = Home;
			sourceTree = "<group>";
		};
		8E7FB8DC2B9F585E00F05045 /* ChatList */ = {
			isa = PBXGroup;
			children = (
				8E7FB8DD2B9F586A00F05045 /* ChatListView.swift */,
				8E2D27132BA34031006248EA /* ChatListViewModel.swift */,
			);
			path = ChatList;
			sourceTree = "<group>";
		};
		8E7FB8E32B9FEC2400F05045 /* Frameworks */ = {
			isa = PBXGroup;
			children = (
			);
			name = Frameworks;
			sourceTree = "<group>";
		};
		8E7FB8E62B9FEC9700F05045 /* Repository */ = {
			isa = PBXGroup;
			children = (
				8E7FB8EB2B9FEEEE00F05045 /* DTO */,
				8E7FB8E72B9FECB800F05045 /* UserDBRepository.swift */,
				8E7FB8EE2B9FEF6900F05045 /* DBError.swift */,
				8E2D27012BA317B7006248EA /* ChatRoomDBReposiory.swift */,
				8E2D27282BA35B6C006248EA /* ChatDBRepository.swift */,
			);
			path = Repository;
			sourceTree = "<group>";
		};
		8E7FB8EB2B9FEEEE00F05045 /* DTO */ = {
			isa = PBXGroup;
			children = (
				8E7FB8EC2B9FEEFA00F05045 /* UserObject.swift */,
				8E2D27032BA317DB006248EA /* ChatRoomObject.swift */,
				8E2D272A2BA35BBE006248EA /* ChatObject.swift */,
			);
			path = DTO;
			sourceTree = "<group>";
		};
		8E7FB8FC2BA094CF00F05045 /* Profile */ = {
			isa = PBXGroup;
			children = (
				8E2D26D82BA2E4A1006248EA /* MyProfilView.swift */,
				8E2D26DE2BA2F131006248EA /* MyProfilViewModel.swift */,
				8E2D26E02BA2F325006248EA /* MyProfileMenuType.swift */,
				8E2D26E22BA2F6B0006248EA /* MyProfileDescEditView.swift */,
				8E2D26DA2BA2E4B1006248EA /* OtherProfilView.swift */,
				8E2D26FD2BA313F3006248EA /* OtherProfileViewModel.swift */,
				8E2D26FF2BA314AF006248EA /* OtherProfileMenuType.swift */,
			);
			path = Profile;
			sourceTree = "<group>";
		};
/* End PBXGroup section */

/* Begin PBXNativeTarget section */
		8E7FB8782B9DE37700F05045 /* LineMessenger */ = {
			isa = PBXNativeTarget;
			buildConfigurationList = 8E7FB89D2B9DE37A00F05045 /* Build configuration list for PBXNativeTarget "LineMessenger" */;
			buildPhases = (
				8E7FB8752B9DE37700F05045 /* Sources */,
				8E7FB8762B9DE37700F05045 /* Frameworks */,
				8E7FB8772B9DE37700F05045 /* Resources */,
			);
			buildRules = (
			);
			dependencies = (
			);
			name = LineMessenger;
			packageProductDependencies = (
				8E7FB8B92B9DEB5B00F05045 /* FirebaseAuth */,
				8E7FB8CC2B9EE17900F05045 /* GoogleSignIn */,
				8E7FB8E42B9FEC2400F05045 /* FirebaseDatabase */,
				8E2D26E82BA303B3006248EA /* FirebaseStorage */,
				8E2D26EA2BA303B3006248EA /* FirebaseStorageCombine-Community */,
			);
			productName = LineMessenger;
			productReference = 8E7FB8792B9DE37700F05045 /* LineMessenger.app */;
			productType = "com.apple.product-type.application";
		};
		8E7FB8882B9DE37A00F05045 /* LineMessengerTests */ = {
			isa = PBXNativeTarget;
			buildConfigurationList = 8E7FB8A02B9DE37A00F05045 /* Build configuration list for PBXNativeTarget "LineMessengerTests" */;
			buildPhases = (
				8E7FB8852B9DE37A00F05045 /* Sources */,
				8E7FB8862B9DE37A00F05045 /* Frameworks */,
				8E7FB8872B9DE37A00F05045 /* Resources */,
			);
			buildRules = (
			);
			dependencies = (
				8E7FB88B2B9DE37A00F05045 /* PBXTargetDependency */,
			);
			name = LineMessengerTests;
			productName = LineMessengerTests;
			productReference = 8E7FB8892B9DE37A00F05045 /* LineMessengerTests.xctest */;
			productType = "com.apple.product-type.bundle.unit-test";
		};
		8E7FB8922B9DE37A00F05045 /* LineMessengerUITests */ = {
			isa = PBXNativeTarget;
			buildConfigurationList = 8E7FB8A32B9DE37A00F05045 /* Build configuration list for PBXNativeTarget "LineMessengerUITests" */;
			buildPhases = (
				8E7FB88F2B9DE37A00F05045 /* Sources */,
				8E7FB8902B9DE37A00F05045 /* Frameworks */,
				8E7FB8912B9DE37A00F05045 /* Resources */,
			);
			buildRules = (
			);
			dependencies = (
				8E7FB8952B9DE37A00F05045 /* PBXTargetDependency */,
			);
			name = LineMessengerUITests;
			productName = LineMessengerUITests;
			productReference = 8E7FB8932B9DE37A00F05045 /* LineMessengerUITests.xctest */;
			productType = "com.apple.product-type.bundle.ui-testing";
		};
/* End PBXNativeTarget section */

/* Begin PBXProject section */
		8E7FB8712B9DE37700F05045 /* Project object */ = {
			isa = PBXProject;
			attributes = {
				BuildIndependentTargetsInParallel = 1;
				LastSwiftUpdateCheck = 1530;
				LastUpgradeCheck = 1530;
				TargetAttributes = {
					8E7FB8782B9DE37700F05045 = {
						CreatedOnToolsVersion = 15.3;
					};
					8E7FB8882B9DE37A00F05045 = {
						CreatedOnToolsVersion = 15.3;
						TestTargetID = 8E7FB8782B9DE37700F05045;
					};
					8E7FB8922B9DE37A00F05045 = {
						CreatedOnToolsVersion = 15.3;
						TestTargetID = 8E7FB8782B9DE37700F05045;
					};
				};
			};
			buildConfigurationList = 8E7FB8742B9DE37700F05045 /* Build configuration list for PBXProject "LineMessenger" */;
			compatibilityVersion = "Xcode 14.0";
			developmentRegion = en;
			hasScannedForEncodings = 0;
			knownRegions = (
				en,
				Base,
			);
			mainGroup = 8E7FB8702B9DE37700F05045;
			packageReferences = (
				8E7FB8B82B9DEB5B00F05045 /* XCRemoteSwiftPackageReference "firebase-ios-sdk" */,
				8E7FB8CB2B9EE17900F05045 /* XCRemoteSwiftPackageReference "GoogleSignIn-iOS" */,
			);
			productRefGroup = 8E7FB87A2B9DE37700F05045 /* Products */;
			projectDirPath = "";
			projectRoot = "";
			targets = (
				8E7FB8782B9DE37700F05045 /* LineMessenger */,
				8E7FB8882B9DE37A00F05045 /* LineMessengerTests */,
				8E7FB8922B9DE37A00F05045 /* LineMessengerUITests */,
			);
		};
/* End PBXProject section */

/* Begin PBXResourcesBuildPhase section */
		8E7FB8772B9DE37700F05045 /* Resources */ = {
			isa = PBXResourcesBuildPhase;
			buildActionMask = 2147483647;
			files = (
				8E7FB8BE2B9DEC3D00F05045 /* GoogleService-Info.plist in Resources */,
				8E7FB8A72B9DE66000F05045 /* Colors.xcassets in Resources */,
				8E7FB8AB2B9DE78400F05045 /* LaunchScreen.storyboard in Resources */,
				8E7FB8842B9DE37900F05045 /* Preview Assets.xcassets in Resources */,
				8E7FB8812B9DE37900F05045 /* Assets.xcassets in Resources */,
			);
			runOnlyForDeploymentPostprocessing = 0;
		};
		8E7FB8872B9DE37A00F05045 /* Resources */ = {
			isa = PBXResourcesBuildPhase;
			buildActionMask = 2147483647;
			files = (
			);
			runOnlyForDeploymentPostprocessing = 0;
		};
		8E7FB8912B9DE37A00F05045 /* Resources */ = {
			isa = PBXResourcesBuildPhase;
			buildActionMask = 2147483647;
			files = (
			);
			runOnlyForDeploymentPostprocessing = 0;
		};
/* End PBXResourcesBuildPhase section */

/* Begin PBXSourcesBuildPhase section */
		8E7FB8752B9DE37700F05045 /* Sources */ = {
			isa = PBXSourcesBuildPhase;
			buildActionMask = 2147483647;
			files = (
				8E7FB8F52BA091BB00F05045 /* PlaceholderView.swift in Sources */,
				8E2D27292BA35B6C006248EA /* ChatDBRepository.swift in Sources */,
				8E2D26DF2BA2F131006248EA /* MyProfilViewModel.swift in Sources */,
				8E2D26DB2BA2E4B1006248EA /* OtherProfilView.swift in Sources */,
				8E2D27022BA317B7006248EA /* ChatRoomDBReposiory.swift in Sources */,
				8E2D270F2BA31FE1006248EA /* ChatView.swift in Sources */,
				8E7FB8E22B9F5A7F00F05045 /* HomeViewModel.swift in Sources */,
				8E7FB8ED2B9FEEFA00F05045 /* UserObject.swift in Sources */,
				8E2D26FE2BA313F3006248EA /* OtherProfileViewModel.swift in Sources */,
				8E7FB8BC2B9DEBA100F05045 /* AppDelegate.swift in Sources */,
				8E7FB87F2B9DE37700F05045 /* AuthenticatedView.swift in Sources */,
				8E2D27122BA31FF6006248EA /* SearchView.swift in Sources */,
				8E2D27272BA35472006248EA /* KeyboardToolbar.swift in Sources */,
				8E7FB8C62B9DEECD00F05045 /* MainTabView.swift in Sources */,
				8E2D271B2BA34A69006248EA /* ChatViewModel.swift in Sources */,
				8E2D27232BA34FD3006248EA /* ChatItemview.swift in Sources */,
				8E2D271D2BA34D33006248EA /* Chat.swift in Sources */,
				8E2D26E32BA2F6B0006248EA /* MyProfileDescEditView.swift in Sources */,
				8E7FB8B52B9DEA0800F05045 /* AuthenticationViewModel.swift in Sources */,
				8E2D27082BA31B89006248EA /* ChatRoom.swift in Sources */,
				8E7FB8B12B9DE93100F05045 /* Services.swift in Sources */,
				8E2D26F42BA30EEA006248EA /* ImageCacheService.swift in Sources */,
				8E7FB8F72BA091F000F05045 /* LoadingView.swift in Sources */,
				8E2D27142BA34031006248EA /* ChatListViewModel.swift in Sources */,
				8E2D27162BA34206006248EA /* SearchButtonView.swift in Sources */,
				8E2D26FC2BA3116E006248EA /* URLImageViewModel.swift in Sources */,
				8E7FB8AE2B9DE91100F05045 /* DIContainer.swift in Sources */,
				8E2D26F82BA31012006248EA /* DiskStorage.swift in Sources */,
				8E7FB87D2B9DE37700F05045 /* LineMessengerApp.swift in Sources */,
				8E2D26E72BA30139006248EA /* PhotoImage.swift in Sources */,
				8E2D26DD2BA2EA6A006248EA /* ContactService.swift in Sources */,
				8E7FB8F92BA0925A00F05045 /* ErrorView.swift in Sources */,
				8E7FB8D62B9F489800F05045 /* RandomNonceString.swift in Sources */,
				8E7FB8C02B9DECA500F05045 /* AuthenticationService.swift in Sources */,
				8E7FB8F12B9FF1A100F05045 /* Constant.swift in Sources */,
				8E7FB8F32BA090A500F05045 /* Phase.swift in Sources */,
				8E2D27252BA34FEE006248EA /* ChatItemDirection.swift in Sources */,
				8E2D26EE2BA303EB006248EA /* UploadProvider.swift in Sources */,
				8E7FB8E02B9F586F00F05045 /* HomeView.swift in Sources */,
				8E2D26F02BA30432006248EA /* UploadService.swift in Sources */,
				8E2D26FA2BA31140006248EA /* URLImageView.swift in Sources */,
				8E2D272D2BA35CF6006248EA /* ChatService.swift in Sources */,
				8E2D270C2BA31DB1006248EA /* NavigationRouter.swift in Sources */,
				8E2D27212BA34DFD006248EA /* Data+Extenstion.swift in Sources */,
				8E7FB8D22B9EE2E800F05045 /* ServiceError.swift in Sources */,
				8E2D271F2BA34D80006248EA /* ChatData.swift in Sources */,
				8E2D26D92BA2E4A1006248EA /* MyProfilView.swift in Sources */,
				8E2D27002BA314AF006248EA /* OtherProfileMenuType.swift in Sources */,
				8E7FB8DA2B9F57E800F05045 /* MainTabType.swift in Sources */,
				8E7FB8D02B9EE29700F05045 /* User.swift in Sources */,
				8E7FB8EA2B9FECFB00F05045 /* UserService.swift in Sources */,
				8E7FB8E82B9FECB800F05045 /* UserDBRepository.swift in Sources */,
				8E7FB8D82B9F48AB00F05045 /* SHA256.swift in Sources */,
				8E2D26E52BA300BA006248EA /* PhotoPickerService.swift in Sources */,
				8E7FB8C82B9ED8FB00F05045 /* LoginView.swift in Sources */,
				8E2D27062BA31A85006248EA /* ChatRoomService.swift in Sources */,
				8E2D26F22BA305B0006248EA /* UploadSourceType.swift in Sources */,
				8E7FB8FB2BA0943C00F05045 /* HomeModalDestination.swift in Sources */,
				8E2D27192BA3442E006248EA /* NavigationRoutingView.swift in Sources */,
				8E2D27042BA317DB006248EA /* ChatRoomObject.swift in Sources */,
				8E2D26F62BA30F8E006248EA /* MemoryStorage.swift in Sources */,
				8E7FB8C42B9DEEAB00F05045 /* LoginIntroView.swift in Sources */,
				8E2D26E12BA2F325006248EA /* MyProfileMenuType.swift in Sources */,
				8E2D272B2BA35BBE006248EA /* ChatObject.swift in Sources */,
				8E2D270A2BA31D8D006248EA /* NavigationDestination.swift in Sources */,
				8E7FB8CA2B9ED9E200F05045 /* LoginButtonStyle.swift in Sources */,
				8E7FB8EF2B9FEF6900F05045 /* DBError.swift in Sources */,
				8E7FB8DE2B9F586A00F05045 /* ChatListView.swift in Sources */,
			);
			runOnlyForDeploymentPostprocessing = 0;
		};
		8E7FB8852B9DE37A00F05045 /* Sources */ = {
			isa = PBXSourcesBuildPhase;
			buildActionMask = 2147483647;
			files = (
				8E7FB88E2B9DE37A00F05045 /* LineMessengerTests.swift in Sources */,
			);
			runOnlyForDeploymentPostprocessing = 0;
		};
		8E7FB88F2B9DE37A00F05045 /* Sources */ = {
			isa = PBXSourcesBuildPhase;
			buildActionMask = 2147483647;
			files = (
				8E7FB89A2B9DE37A00F05045 /* LineMessengerUITestsLaunchTests.swift in Sources */,
				8E7FB8982B9DE37A00F05045 /* LineMessengerUITests.swift in Sources */,
			);
			runOnlyForDeploymentPostprocessing = 0;
		};
/* End PBXSourcesBuildPhase section */

/* Begin PBXTargetDependency section */
		8E7FB88B2B9DE37A00F05045 /* PBXTargetDependency */ = {
			isa = PBXTargetDependency;
			target = 8E7FB8782B9DE37700F05045 /* LineMessenger */;
			targetProxy = 8E7FB88A2B9DE37A00F05045 /* PBXContainerItemProxy */;
		};
		8E7FB8952B9DE37A00F05045 /* PBXTargetDependency */ = {
			isa = PBXTargetDependency;
			target = 8E7FB8782B9DE37700F05045 /* LineMessenger */;
			targetProxy = 8E7FB8942B9DE37A00F05045 /* PBXContainerItemProxy */;
		};
/* End PBXTargetDependency section */

/* Begin XCBuildConfiguration section */
		8E7FB89B2B9DE37A00F05045 /* Debug */ = {
			isa = XCBuildConfiguration;
			buildSettings = {
				ALWAYS_SEARCH_USER_PATHS = NO;
				ASSETCATALOG_COMPILER_GENERATE_SWIFT_ASSET_SYMBOL_EXTENSIONS = YES;
				CLANG_ANALYZER_NONNULL = YES;
				CLANG_ANALYZER_NUMBER_OBJECT_CONVERSION = YES_AGGRESSIVE;
				CLANG_CXX_LANGUAGE_STANDARD = "gnu++20";
				CLANG_ENABLE_MODULES = YES;
				CLANG_ENABLE_OBJC_ARC = YES;
				CLANG_ENABLE_OBJC_WEAK = YES;
				CLANG_WARN_BLOCK_CAPTURE_AUTORELEASING = YES;
				CLANG_WARN_BOOL_CONVERSION = YES;
				CLANG_WARN_COMMA = YES;
				CLANG_WARN_CONSTANT_CONVERSION = YES;
				CLANG_WARN_DEPRECATED_OBJC_IMPLEMENTATIONS = YES;
				CLANG_WARN_DIRECT_OBJC_ISA_USAGE = YES_ERROR;
				CLANG_WARN_DOCUMENTATION_COMMENTS = YES;
				CLANG_WARN_EMPTY_BODY = YES;
				CLANG_WARN_ENUM_CONVERSION = YES;
				CLANG_WARN_INFINITE_RECURSION = YES;
				CLANG_WARN_INT_CONVERSION = YES;
				CLANG_WARN_NON_LITERAL_NULL_CONVERSION = YES;
				CLANG_WARN_OBJC_IMPLICIT_RETAIN_SELF = YES;
				CLANG_WARN_OBJC_LITERAL_CONVERSION = YES;
				CLANG_WARN_OBJC_ROOT_CLASS = YES_ERROR;
				CLANG_WARN_QUOTED_INCLUDE_IN_FRAMEWORK_HEADER = YES;
				CLANG_WARN_RANGE_LOOP_ANALYSIS = YES;
				CLANG_WARN_STRICT_PROTOTYPES = YES;
				CLANG_WARN_SUSPICIOUS_MOVE = YES;
				CLANG_WARN_UNGUARDED_AVAILABILITY = YES_AGGRESSIVE;
				CLANG_WARN_UNREACHABLE_CODE = YES;
				CLANG_WARN__DUPLICATE_METHOD_MATCH = YES;
				COPY_PHASE_STRIP = NO;
				DEBUG_INFORMATION_FORMAT = dwarf;
				ENABLE_STRICT_OBJC_MSGSEND = YES;
				ENABLE_TESTABILITY = YES;
				ENABLE_USER_SCRIPT_SANDBOXING = YES;
				GCC_C_LANGUAGE_STANDARD = gnu17;
				GCC_DYNAMIC_NO_PIC = NO;
				GCC_NO_COMMON_BLOCKS = YES;
				GCC_OPTIMIZATION_LEVEL = 0;
				GCC_PREPROCESSOR_DEFINITIONS = (
					"DEBUG=1",
					"$(inherited)",
				);
				GCC_WARN_64_TO_32_BIT_CONVERSION = YES;
				GCC_WARN_ABOUT_RETURN_TYPE = YES_ERROR;
				GCC_WARN_UNDECLARED_SELECTOR = YES;
				GCC_WARN_UNINITIALIZED_AUTOS = YES_AGGRESSIVE;
				GCC_WARN_UNUSED_FUNCTION = YES;
				GCC_WARN_UNUSED_VARIABLE = YES;
				IPHONEOS_DEPLOYMENT_TARGET = 17.4;
				LOCALIZATION_PREFERS_STRING_CATALOGS = YES;
				MTL_ENABLE_DEBUG_INFO = INCLUDE_SOURCE;
				MTL_FAST_MATH = YES;
				ONLY_ACTIVE_ARCH = YES;
				SDKROOT = iphoneos;
				SWIFT_ACTIVE_COMPILATION_CONDITIONS = "DEBUG $(inherited)";
				SWIFT_OPTIMIZATION_LEVEL = "-Onone";
			};
			name = Debug;
		};
		8E7FB89C2B9DE37A00F05045 /* Release */ = {
			isa = XCBuildConfiguration;
			buildSettings = {
				ALWAYS_SEARCH_USER_PATHS = NO;
				ASSETCATALOG_COMPILER_GENERATE_SWIFT_ASSET_SYMBOL_EXTENSIONS = YES;
				CLANG_ANALYZER_NONNULL = YES;
				CLANG_ANALYZER_NUMBER_OBJECT_CONVERSION = YES_AGGRESSIVE;
				CLANG_CXX_LANGUAGE_STANDARD = "gnu++20";
				CLANG_ENABLE_MODULES = YES;
				CLANG_ENABLE_OBJC_ARC = YES;
				CLANG_ENABLE_OBJC_WEAK = YES;
				CLANG_WARN_BLOCK_CAPTURE_AUTORELEASING = YES;
				CLANG_WARN_BOOL_CONVERSION = YES;
				CLANG_WARN_COMMA = YES;
				CLANG_WARN_CONSTANT_CONVERSION = YES;
				CLANG_WARN_DEPRECATED_OBJC_IMPLEMENTATIONS = YES;
				CLANG_WARN_DIRECT_OBJC_ISA_USAGE = YES_ERROR;
				CLANG_WARN_DOCUMENTATION_COMMENTS = YES;
				CLANG_WARN_EMPTY_BODY = YES;
				CLANG_WARN_ENUM_CONVERSION = YES;
				CLANG_WARN_INFINITE_RECURSION = YES;
				CLANG_WARN_INT_CONVERSION = YES;
				CLANG_WARN_NON_LITERAL_NULL_CONVERSION = YES;
				CLANG_WARN_OBJC_IMPLICIT_RETAIN_SELF = YES;
				CLANG_WARN_OBJC_LITERAL_CONVERSION = YES;
				CLANG_WARN_OBJC_ROOT_CLASS = YES_ERROR;
				CLANG_WARN_QUOTED_INCLUDE_IN_FRAMEWORK_HEADER = YES;
				CLANG_WARN_RANGE_LOOP_ANALYSIS = YES;
				CLANG_WARN_STRICT_PROTOTYPES = YES;
				CLANG_WARN_SUSPICIOUS_MOVE = YES;
				CLANG_WARN_UNGUARDED_AVAILABILITY = YES_AGGRESSIVE;
				CLANG_WARN_UNREACHABLE_CODE = YES;
				CLANG_WARN__DUPLICATE_METHOD_MATCH = YES;
				COPY_PHASE_STRIP = NO;
				DEBUG_INFORMATION_FORMAT = "dwarf-with-dsym";
				ENABLE_NS_ASSERTIONS = NO;
				ENABLE_STRICT_OBJC_MSGSEND = YES;
				ENABLE_USER_SCRIPT_SANDBOXING = YES;
				GCC_C_LANGUAGE_STANDARD = gnu17;
				GCC_NO_COMMON_BLOCKS = YES;
				GCC_WARN_64_TO_32_BIT_CONVERSION = YES;
				GCC_WARN_ABOUT_RETURN_TYPE = YES_ERROR;
				GCC_WARN_UNDECLARED_SELECTOR = YES;
				GCC_WARN_UNINITIALIZED_AUTOS = YES_AGGRESSIVE;
				GCC_WARN_UNUSED_FUNCTION = YES;
				GCC_WARN_UNUSED_VARIABLE = YES;
				IPHONEOS_DEPLOYMENT_TARGET = 17.4;
				LOCALIZATION_PREFERS_STRING_CATALOGS = YES;
				MTL_ENABLE_DEBUG_INFO = NO;
				MTL_FAST_MATH = YES;
				SDKROOT = iphoneos;
				SWIFT_COMPILATION_MODE = wholemodule;
				VALIDATE_PRODUCT = YES;
			};
			name = Release;
		};
		8E7FB89E2B9DE37A00F05045 /* Debug */ = {
			isa = XCBuildConfiguration;
			buildSettings = {
				ASSETCATALOG_COMPILER_APPICON_NAME = AppIcon;
				ASSETCATALOG_COMPILER_GLOBAL_ACCENT_COLOR_NAME = AccentColor;
				CODE_SIGN_ENTITLEMENTS = LineMessenger/LineMessenger.entitlements;
				CODE_SIGN_STYLE = Automatic;
				CURRENT_PROJECT_VERSION = 1;
				DEVELOPMENT_ASSET_PATHS = "\"LineMessenger/Preview Content\"";
				DEVELOPMENT_TEAM = 9GGZWXBXQ6;
				ENABLE_PREVIEWS = YES;
				GENERATE_INFOPLIST_FILE = YES;
				INFOPLIST_FILE = LineMessenger/Info.plist;
				INFOPLIST_KEY_NSContactsUsageDescription = "친구목록을 가져옵니다.";
				INFOPLIST_KEY_UIApplicationSceneManifest_Generation = YES;
				INFOPLIST_KEY_UIApplicationSupportsIndirectInputEvents = YES;
				INFOPLIST_KEY_UILaunchStoryboardName = LaunchScreen;
				INFOPLIST_KEY_UISupportedInterfaceOrientations = UIInterfaceOrientationPortrait;
				IPHONEOS_DEPLOYMENT_TARGET = 16.0;
				LD_RUNPATH_SEARCH_PATHS = (
					"$(inherited)",
					"@executable_path/Frameworks",
				);
				MARKETING_VERSION = 1.0;
				PRODUCT_BUNDLE_IDENTIFIER = YangCustom.LineMessenger;
				PRODUCT_NAME = "$(TARGET_NAME)";
				SWIFT_EMIT_LOC_STRINGS = YES;
				SWIFT_VERSION = 5.0;
				TARGETED_DEVICE_FAMILY = "1,2";
			};
			name = Debug;
		};
		8E7FB89F2B9DE37A00F05045 /* Release */ = {
			isa = XCBuildConfiguration;
			buildSettings = {
				ASSETCATALOG_COMPILER_APPICON_NAME = AppIcon;
				ASSETCATALOG_COMPILER_GLOBAL_ACCENT_COLOR_NAME = AccentColor;
				CODE_SIGN_ENTITLEMENTS = LineMessenger/LineMessenger.entitlements;
				CODE_SIGN_STYLE = Automatic;
				CURRENT_PROJECT_VERSION = 1;
				DEVELOPMENT_ASSET_PATHS = "\"LineMessenger/Preview Content\"";
				DEVELOPMENT_TEAM = 9GGZWXBXQ6;
				ENABLE_PREVIEWS = YES;
				GENERATE_INFOPLIST_FILE = YES;
				INFOPLIST_FILE = LineMessenger/Info.plist;
				INFOPLIST_KEY_NSContactsUsageDescription = "친구목록을 가져옵니다.";
				INFOPLIST_KEY_UIApplicationSceneManifest_Generation = YES;
				INFOPLIST_KEY_UIApplicationSupportsIndirectInputEvents = YES;
				INFOPLIST_KEY_UILaunchStoryboardName = LaunchScreen;
				INFOPLIST_KEY_UISupportedInterfaceOrientations = UIInterfaceOrientationPortrait;
				IPHONEOS_DEPLOYMENT_TARGET = 16.0;
				LD_RUNPATH_SEARCH_PATHS = (
					"$(inherited)",
					"@executable_path/Frameworks",
				);
				MARKETING_VERSION = 1.0;
				PRODUCT_BUNDLE_IDENTIFIER = YangCustom.LineMessenger;
				PRODUCT_NAME = "$(TARGET_NAME)";
				SWIFT_EMIT_LOC_STRINGS = YES;
				SWIFT_VERSION = 5.0;
				TARGETED_DEVICE_FAMILY = "1,2";
			};
			name = Release;
		};
		8E7FB8A12B9DE37A00F05045 /* Debug */ = {
			isa = XCBuildConfiguration;
			buildSettings = {
				ALWAYS_EMBED_SWIFT_STANDARD_LIBRARIES = YES;
				BUNDLE_LOADER = "$(TEST_HOST)";
				CODE_SIGN_STYLE = Automatic;
				CURRENT_PROJECT_VERSION = 1;
				DEVELOPMENT_TEAM = 9GGZWXBXQ6;
				GENERATE_INFOPLIST_FILE = YES;
				IPHONEOS_DEPLOYMENT_TARGET = 17.4;
				MARKETING_VERSION = 1.0;
				PRODUCT_BUNDLE_IDENTIFIER = YangCustom.LineMessengerTests;
				PRODUCT_NAME = "$(TARGET_NAME)";
				SWIFT_EMIT_LOC_STRINGS = NO;
				SWIFT_VERSION = 5.0;
				TARGETED_DEVICE_FAMILY = "1,2";
				TEST_HOST = "$(BUILT_PRODUCTS_DIR)/LineMessenger.app/$(BUNDLE_EXECUTABLE_FOLDER_PATH)/LineMessenger";
			};
			name = Debug;
		};
		8E7FB8A22B9DE37A00F05045 /* Release */ = {
			isa = XCBuildConfiguration;
			buildSettings = {
				ALWAYS_EMBED_SWIFT_STANDARD_LIBRARIES = YES;
				BUNDLE_LOADER = "$(TEST_HOST)";
				CODE_SIGN_STYLE = Automatic;
				CURRENT_PROJECT_VERSION = 1;
				DEVELOPMENT_TEAM = 9GGZWXBXQ6;
				GENERATE_INFOPLIST_FILE = YES;
				IPHONEOS_DEPLOYMENT_TARGET = 17.4;
				MARKETING_VERSION = 1.0;
				PRODUCT_BUNDLE_IDENTIFIER = YangCustom.LineMessengerTests;
				PRODUCT_NAME = "$(TARGET_NAME)";
				SWIFT_EMIT_LOC_STRINGS = NO;
				SWIFT_VERSION = 5.0;
				TARGETED_DEVICE_FAMILY = "1,2";
				TEST_HOST = "$(BUILT_PRODUCTS_DIR)/LineMessenger.app/$(BUNDLE_EXECUTABLE_FOLDER_PATH)/LineMessenger";
			};
			name = Release;
		};
		8E7FB8A42B9DE37A00F05045 /* Debug */ = {
			isa = XCBuildConfiguration;
			buildSettings = {
				ALWAYS_EMBED_SWIFT_STANDARD_LIBRARIES = YES;
				CODE_SIGN_STYLE = Automatic;
				CURRENT_PROJECT_VERSION = 1;
				DEVELOPMENT_TEAM = 9GGZWXBXQ6;
				GENERATE_INFOPLIST_FILE = YES;
				MARKETING_VERSION = 1.0;
				PRODUCT_BUNDLE_IDENTIFIER = YangCustom.LineMessengerUITests;
				PRODUCT_NAME = "$(TARGET_NAME)";
				SWIFT_EMIT_LOC_STRINGS = NO;
				SWIFT_VERSION = 5.0;
				TARGETED_DEVICE_FAMILY = "1,2";
				TEST_TARGET_NAME = LineMessenger;
			};
			name = Debug;
		};
		8E7FB8A52B9DE37A00F05045 /* Release */ = {
			isa = XCBuildConfiguration;
			buildSettings = {
				ALWAYS_EMBED_SWIFT_STANDARD_LIBRARIES = YES;
				CODE_SIGN_STYLE = Automatic;
				CURRENT_PROJECT_VERSION = 1;
				DEVELOPMENT_TEAM = 9GGZWXBXQ6;
				GENERATE_INFOPLIST_FILE = YES;
				MARKETING_VERSION = 1.0;
				PRODUCT_BUNDLE_IDENTIFIER = YangCustom.LineMessengerUITests;
				PRODUCT_NAME = "$(TARGET_NAME)";
				SWIFT_EMIT_LOC_STRINGS = NO;
				SWIFT_VERSION = 5.0;
				TARGETED_DEVICE_FAMILY = "1,2";
				TEST_TARGET_NAME = LineMessenger;
			};
			name = Release;
		};
/* End XCBuildConfiguration section */

/* Begin XCConfigurationList section */
		8E7FB8742B9DE37700F05045 /* Build configuration list for PBXProject "LineMessenger" */ = {
			isa = XCConfigurationList;
			buildConfigurations = (
				8E7FB89B2B9DE37A00F05045 /* Debug */,
				8E7FB89C2B9DE37A00F05045 /* Release */,
			);
			defaultConfigurationIsVisible = 0;
			defaultConfigurationName = Release;
		};
		8E7FB89D2B9DE37A00F05045 /* Build configuration list for PBXNativeTarget "LineMessenger" */ = {
			isa = XCConfigurationList;
			buildConfigurations = (
				8E7FB89E2B9DE37A00F05045 /* Debug */,
				8E7FB89F2B9DE37A00F05045 /* Release */,
			);
			defaultConfigurationIsVisible = 0;
			defaultConfigurationName = Release;
		};
		8E7FB8A02B9DE37A00F05045 /* Build configuration list for PBXNativeTarget "LineMessengerTests" */ = {
			isa = XCConfigurationList;
			buildConfigurations = (
				8E7FB8A12B9DE37A00F05045 /* Debug */,
				8E7FB8A22B9DE37A00F05045 /* Release */,
			);
			defaultConfigurationIsVisible = 0;
			defaultConfigurationName = Release;
		};
		8E7FB8A32B9DE37A00F05045 /* Build configuration list for PBXNativeTarget "LineMessengerUITests" */ = {
			isa = XCConfigurationList;
			buildConfigurations = (
				8E7FB8A42B9DE37A00F05045 /* Debug */,
				8E7FB8A52B9DE37A00F05045 /* Release */,
			);
			defaultConfigurationIsVisible = 0;
			defaultConfigurationName = Release;
		};
/* End XCConfigurationList section */

/* Begin XCRemoteSwiftPackageReference section */
		8E7FB8B82B9DEB5B00F05045 /* XCRemoteSwiftPackageReference "firebase-ios-sdk" */ = {
			isa = XCRemoteSwiftPackageReference;
			repositoryURL = "https://github.com/firebase/firebase-ios-sdk";
			requirement = {
				kind = upToNextMajorVersion;
				minimumVersion = 10.22.1;
			};
		};
		8E7FB8CB2B9EE17900F05045 /* XCRemoteSwiftPackageReference "GoogleSignIn-iOS" */ = {
			isa = XCRemoteSwiftPackageReference;
			repositoryURL = "https://github.com/google/GoogleSignIn-iOS";
			requirement = {
				kind = upToNextMajorVersion;
				minimumVersion = 7.0.0;
			};
		};
/* End XCRemoteSwiftPackageReference section */

/* Begin XCSwiftPackageProductDependency section */
		8E2D26E82BA303B3006248EA /* FirebaseStorage */ = {
			isa = XCSwiftPackageProductDependency;
			package = 8E7FB8B82B9DEB5B00F05045 /* XCRemoteSwiftPackageReference "firebase-ios-sdk" */;
			productName = FirebaseStorage;
		};
		8E2D26EA2BA303B3006248EA /* FirebaseStorageCombine-Community */ = {
			isa = XCSwiftPackageProductDependency;
			package = 8E7FB8B82B9DEB5B00F05045 /* XCRemoteSwiftPackageReference "firebase-ios-sdk" */;
			productName = "FirebaseStorageCombine-Community";
		};
		8E7FB8B92B9DEB5B00F05045 /* FirebaseAuth */ = {
			isa = XCSwiftPackageProductDependency;
			package = 8E7FB8B82B9DEB5B00F05045 /* XCRemoteSwiftPackageReference "firebase-ios-sdk" */;
			productName = FirebaseAuth;
		};
		8E7FB8CC2B9EE17900F05045 /* GoogleSignIn */ = {
			isa = XCSwiftPackageProductDependency;
			package = 8E7FB8CB2B9EE17900F05045 /* XCRemoteSwiftPackageReference "GoogleSignIn-iOS" */;
			productName = GoogleSignIn;
		};
		8E7FB8E42B9FEC2400F05045 /* FirebaseDatabase */ = {
			isa = XCSwiftPackageProductDependency;
			package = 8E7FB8B82B9DEB5B00F05045 /* XCRemoteSwiftPackageReference "firebase-ios-sdk" */;
			productName = FirebaseDatabase;
		};
/* End XCSwiftPackageProductDependency section */
	};
	rootObject = 8E7FB8712B9DE37700F05045 /* Project object */;
}
