// !$*UTF8*$!
{
	archiveVersion = 1;
	classes = {
	};
	objectVersion = 56;
	objects = {

/* Begin PBXBuildFile section */
		8E7FB87D2B9DE37700F05045 /* LineMessengerApp.swift in Sources */ = {isa = PBXBuildFile; fileRef = 8E7FB87C2B9DE37700F05045 /* LineMessengerApp.swift */; };
		8E7FB87F2B9DE37700F05045 /* AuthenticatedView.swift in Sources */ = {isa = PBXBuildFile; fileRef = 8E7FB87E2B9DE37700F05045 /* AuthenticatedView.swift */; };
		8E7FB8812B9DE37900F05045 /* Assets.xcassets in Resources */ = {isa = PBXBuildFile; fileRef = 8E7FB8802B9DE37900F05045 /* Assets.xcassets */; };
		8E7FB8842B9DE37900F05045 /* Preview Assets.xcassets in Resources */ = {isa = PBXBuildFile; fileRef = 8E7FB8832B9DE37900F05045 /* Preview Assets.xcassets */; };
		8E7FB88E2B9DE37A00F05045 /* LineMessengerTests.swift in Sources */ = {isa = PBXBuildFile; fileRef = 8E7FB88D2B9DE37A00F05045 /* LineMessengerTests.swift */; };
		8E7FB8982B9DE37A00F05045 /* LineMessengerUITests.swift in Sources */ = {isa = PBXBuildFile; fileRef = 8E7FB8972B9DE37A00F05045 /* LineMessengerUITests.swift */; };
		8E7FB89A2B9DE37A00F05045 /* LineMessengerUITestsLaunchTests.swift in Sources */ = {isa = PBXBuildFile; fileRef = 8E7FB8992B9DE37A00F05045 /* LineMessengerUITestsLaunchTests.swift */; };
		8E7FB8A72B9DE66000F05045 /* Colors.xcassets in Resources */ = {isa = PBXBuildFile; fileRef = 8E7FB8A62B9DE66000F05045 /* Colors.xcassets */; };
		8E7FB8AB2B9DE78400F05045 /* LaunchScreen.storyboard in Resources */ = {isa = PBXBuildFile; fileRef = 8E7FB8AA2B9DE78400F05045 /* LaunchScreen.storyboard */; };
		8E7FB8AE2B9DE91100F05045 /* DIContainer.swift in Sources */ = {isa = PBXBuildFile; fileRef = 8E7FB8AD2B9DE91100F05045 /* DIContainer.swift */; };
		8E7FB8B12B9DE93100F05045 /* Services.swift in Sources */ = {isa = PBXBuildFile; fileRef = 8E7FB8B02B9DE93100F05045 /* Services.swift */; };
		8E7FB8B52B9DEA0800F05045 /* AuthenticationViewModel.swift in Sources */ = {isa = PBXBuildFile; fileRef = 8E7FB8B42B9DEA0800F05045 /* AuthenticationViewModel.swift */; };
		8E7FB8BA2B9DEB5B00F05045 /* FirebaseAuth in Frameworks */ = {isa = PBXBuildFile; productRef = 8E7FB8B92B9DEB5B00F05045 /* FirebaseAuth */; };
		8E7FB8BC2B9DEBA100F05045 /* AppDelegate.swift in Sources */ = {isa = PBXBuildFile; fileRef = 8E7FB8BB2B9DEBA100F05045 /* AppDelegate.swift */; };
		8E7FB8BE2B9DEC3D00F05045 /* GoogleService-Info.plist in Resources */ = {isa = PBXBuildFile; fileRef = 8E7FB8BD2B9DEC3D00F05045 /* GoogleService-Info.plist */; };
		8E7FB8C02B9DECA500F05045 /* AuthenticationService.swift in Sources */ = {isa = PBXBuildFile; fileRef = 8E7FB8BF2B9DECA500F05045 /* AuthenticationService.swift */; };
		8E7FB8C42B9DEEAB00F05045 /* LoginIntroView.swift in Sources */ = {isa = PBXBuildFile; fileRef = 8E7FB8C32B9DEEAB00F05045 /* LoginIntroView.swift */; };
		8E7FB8C62B9DEECD00F05045 /* MainTabView.swift in Sources */ = {isa = PBXBuildFile; fileRef = 8E7FB8C52B9DEECD00F05045 /* MainTabView.swift */; };
		8E7FB8C82B9ED8FB00F05045 /* LoginView.swift in Sources */ = {isa = PBXBuildFile; fileRef = 8E7FB8C72B9ED8FB00F05045 /* LoginView.swift */; };
		8E7FB8CA2B9ED9E200F05045 /* LoginButtonStyle.swift in Sources */ = {isa = PBXBuildFile; fileRef = 8E7FB8C92B9ED9E200F05045 /* LoginButtonStyle.swift */; };
		8E7FB8CD2B9EE17900F05045 /* GoogleSignIn in Frameworks */ = {isa = PBXBuildFile; productRef = 8E7FB8CC2B9EE17900F05045 /* GoogleSignIn */; };
		8E7FB8D02B9EE29700F05045 /* User.swift in Sources */ = {isa = PBXBuildFile; fileRef = 8E7FB8CF2B9EE29700F05045 /* User.swift */; };
		8E7FB8D22B9EE2E800F05045 /* ServiceError.swift in Sources */ = {isa = PBXBuildFile; fileRef = 8E7FB8D12B9EE2E800F05045 /* ServiceError.swift */; };
		8E7FB8D62B9F489800F05045 /* RandomNonceString.swift in Sources */ = {isa = PBXBuildFile; fileRef = 8E7FB8D52B9F489800F05045 /* RandomNonceString.swift */; };
		8E7FB8D82B9F48AB00F05045 /* SHA256.swift in Sources */ = {isa = PBXBuildFile; fileRef = 8E7FB8D72B9F48AB00F05045 /* SHA256.swift */; };
/* End PBXBuildFile section */

/* Begin PBXContainerItemProxy section */
		8E7FB88A2B9DE37A00F05045 /* PBXContainerItemProxy */ = {
			isa = PBXContainerItemProxy;
			containerPortal = 8E7FB8712B9DE37700F05045 /* Project object */;
			proxyType = 1;
			remoteGlobalIDString = 8E7FB8782B9DE37700F05045;
			remoteInfo = LineMessenger;
		};
		8E7FB8942B9DE37A00F05045 /* PBXContainerItemProxy */ = {
			isa = PBXContainerItemProxy;
			containerPortal = 8E7FB8712B9DE37700F05045 /* Project object */;
			proxyType = 1;
			remoteGlobalIDString = 8E7FB8782B9DE37700F05045;
			remoteInfo = LineMessenger;
		};
/* End PBXContainerItemProxy section */

/* Begin PBXFileReference section */
		8E7FB8792B9DE37700F05045 /* LineMessenger.app */ = {isa = PBXFileReference; explicitFileType = wrapper.application; includeInIndex = 0; path = LineMessenger.app; sourceTree = BUILT_PRODUCTS_DIR; };
		8E7FB87C2B9DE37700F05045 /* LineMessengerApp.swift */ = {isa = PBXFileReference; lastKnownFileType = sourcecode.swift; path = LineMessengerApp.swift; sourceTree = "<group>"; };
		8E7FB87E2B9DE37700F05045 /* AuthenticatedView.swift */ = {isa = PBXFileReference; lastKnownFileType = sourcecode.swift; path = AuthenticatedView.swift; sourceTree = "<group>"; };
		8E7FB8802B9DE37900F05045 /* Assets.xcassets */ = {isa = PBXFileReference; lastKnownFileType = folder.assetcatalog; path = Assets.xcassets; sourceTree = "<group>"; };
		8E7FB8832B9DE37900F05045 /* Preview Assets.xcassets */ = {isa = PBXFileReference; lastKnownFileType = folder.assetcatalog; path = "Preview Assets.xcassets"; sourceTree = "<group>"; };
		8E7FB8892B9DE37A00F05045 /* LineMessengerTests.xctest */ = {isa = PBXFileReference; explicitFileType = wrapper.cfbundle; includeInIndex = 0; path = LineMessengerTests.xctest; sourceTree = BUILT_PRODUCTS_DIR; };
		8E7FB88D2B9DE37A00F05045 /* LineMessengerTests.swift */ = {isa = PBXFileReference; lastKnownFileType = sourcecode.swift; path = LineMessengerTests.swift; sourceTree = "<group>"; };
		8E7FB8932B9DE37A00F05045 /* LineMessengerUITests.xctest */ = {isa = PBXFileReference; explicitFileType = wrapper.cfbundle; includeInIndex = 0; path = LineMessengerUITests.xctest; sourceTree = BUILT_PRODUCTS_DIR; };
		8E7FB8972B9DE37A00F05045 /* LineMessengerUITests.swift */ = {isa = PBXFileReference; lastKnownFileType = sourcecode.swift; path = LineMessengerUITests.swift; sourceTree = "<group>"; };
		8E7FB8992B9DE37A00F05045 /* LineMessengerUITestsLaunchTests.swift */ = {isa = PBXFileReference; lastKnownFileType = sourcecode.swift; path = LineMessengerUITestsLaunchTests.swift; sourceTree = "<group>"; };
		8E7FB8A62B9DE66000F05045 /* Colors.xcassets */ = {isa = PBXFileReference; lastKnownFileType = folder.assetcatalog; path = Colors.xcassets; sourceTree = "<group>"; };
		8E7FB8A92B9DE6D700F05045 /* Info.plist */ = {isa = PBXFileReference; lastKnownFileType = text.plist; path = Info.plist; sourceTree = "<group>"; };
		8E7FB8AA2B9DE78400F05045 /* LaunchScreen.storyboard */ = {isa = PBXFileReference; fileEncoding = 4; lastKnownFileType = file.storyboard; path = LaunchScreen.storyboard; sourceTree = "<group>"; };
		8E7FB8AD2B9DE91100F05045 /* DIContainer.swift */ = {isa = PBXFileReference; lastKnownFileType = sourcecode.swift; path = DIContainer.swift; sourceTree = "<group>"; };
		8E7FB8B02B9DE93100F05045 /* Services.swift */ = {isa = PBXFileReference; lastKnownFileType = sourcecode.swift; path = Services.swift; sourceTree = "<group>"; };
		8E7FB8B42B9DEA0800F05045 /* AuthenticationViewModel.swift */ = {isa = PBXFileReference; lastKnownFileType = sourcecode.swift; path = AuthenticationViewModel.swift; sourceTree = "<group>"; };
		8E7FB8BB2B9DEBA100F05045 /* AppDelegate.swift */ = {isa = PBXFileReference; lastKnownFileType = sourcecode.swift; path = AppDelegate.swift; sourceTree = "<group>"; };
		8E7FB8BD2B9DEC3D00F05045 /* GoogleService-Info.plist */ = {isa = PBXFileReference; fileEncoding = 4; lastKnownFileType = text.plist.xml; path = "GoogleService-Info.plist"; sourceTree = "<group>"; };
		8E7FB8BF2B9DECA500F05045 /* AuthenticationService.swift */ = {isa = PBXFileReference; lastKnownFileType = sourcecode.swift; path = AuthenticationService.swift; sourceTree = "<group>"; };
		8E7FB8C32B9DEEAB00F05045 /* LoginIntroView.swift */ = {isa = PBXFileReference; lastKnownFileType = sourcecode.swift; path = LoginIntroView.swift; sourceTree = "<group>"; };
		8E7FB8C52B9DEECD00F05045 /* MainTabView.swift */ = {isa = PBXFileReference; lastKnownFileType = sourcecode.swift; path = MainTabView.swift; sourceTree = "<group>"; };
		8E7FB8C72B9ED8FB00F05045 /* LoginView.swift */ = {isa = PBXFileReference; lastKnownFileType = sourcecode.swift; path = LoginView.swift; sourceTree = "<group>"; };
		8E7FB8C92B9ED9E200F05045 /* LoginButtonStyle.swift */ = {isa = PBXFileReference; lastKnownFileType = sourcecode.swift; path = LoginButtonStyle.swift; sourceTree = "<group>"; };
		8E7FB8CF2B9EE29700F05045 /* User.swift */ = {isa = PBXFileReference; lastKnownFileType = sourcecode.swift; path = User.swift; sourceTree = "<group>"; };
		8E7FB8D12B9EE2E800F05045 /* ServiceError.swift */ = {isa = PBXFileReference; lastKnownFileType = sourcecode.swift; path = ServiceError.swift; sourceTree = "<group>"; };
		8E7FB8D32B9EFACD00F05045 /* LineMessenger.entitlements */ = {isa = PBXFileReference; lastKnownFileType = text.plist.entitlements; path = LineMessenger.entitlements; sourceTree = "<group>"; };
		8E7FB8D52B9F489800F05045 /* RandomNonceString.swift */ = {isa = PBXFileReference; lastKnownFileType = sourcecode.swift; path = RandomNonceString.swift; sourceTree = "<group>"; };
		8E7FB8D72B9F48AB00F05045 /* SHA256.swift */ = {isa = PBXFileReference; lastKnownFileType = sourcecode.swift; path = SHA256.swift; sourceTree = "<group>"; };
/* End PBXFileReference section */

/* Begin PBXFrameworksBuildPhase section */
		8E7FB8762B9DE37700F05045 /* Frameworks */ = {
			isa = PBXFrameworksBuildPhase;
			buildActionMask = 2147483647;
			files = (
				8E7FB8BA2B9DEB5B00F05045 /* FirebaseAuth in Frameworks */,
				8E7FB8CD2B9EE17900F05045 /* GoogleSignIn in Frameworks */,
			);
			runOnlyForDeploymentPostprocessing = 0;
		};
		8E7FB8862B9DE37A00F05045 /* Frameworks */ = {
			isa = PBXFrameworksBuildPhase;
			buildActionMask = 2147483647;
			files = (
			);
			runOnlyForDeploymentPostprocessing = 0;
		};
		8E7FB8902B9DE37A00F05045 /* Frameworks */ = {
			isa = PBXFrameworksBuildPhase;
			buildActionMask = 2147483647;
			files = (
			);
			runOnlyForDeploymentPostprocessing = 0;
		};
/* End PBXFrameworksBuildPhase section */

/* Begin PBXGroup section */
		8E7FB8702B9DE37700F05045 = {
			isa = PBXGroup;
			children = (
				8E7FB87B2B9DE37700F05045 /* LineMessenger */,
				8E7FB88C2B9DE37A00F05045 /* LineMessengerTests */,
				8E7FB8962B9DE37A00F05045 /* LineMessengerUITests */,
				8E7FB87A2B9DE37700F05045 /* Products */,
			);
			sourceTree = "<group>";
		};
		8E7FB87A2B9DE37700F05045 /* Products */ = {
			isa = PBXGroup;
			children = (
				8E7FB8792B9DE37700F05045 /* LineMessenger.app */,
				8E7FB8892B9DE37A00F05045 /* LineMessengerTests.xctest */,
				8E7FB8932B9DE37A00F05045 /* LineMessengerUITests.xctest */,
			);
			name = Products;
			sourceTree = "<group>";
		};
		8E7FB87B2B9DE37700F05045 /* LineMessenger */ = {
			isa = PBXGroup;
			children = (
				8E7FB8D42B9F483D00F05045 /* Util */,
				8E7FB8D32B9EFACD00F05045 /* LineMessenger.entitlements */,
				8E7FB8CE2B9EE29000F05045 /* Model */,
				8E7FB8BD2B9DEC3D00F05045 /* GoogleService-Info.plist */,
				8E7FB8B22B9DE9D500F05045 /* View */,
				8E7FB8AF2B9DE92800F05045 /* Services */,
				8E7FB8AC2B9DE8FE00F05045 /* General */,
				8E7FB8A92B9DE6D700F05045 /* Info.plist */,
				8E7FB8A82B9DE67900F05045 /* Resource */,
				8E7FB87C2B9DE37700F05045 /* LineMessengerApp.swift */,
				8E7FB8BB2B9DEBA100F05045 /* AppDelegate.swift */,
				8E7FB8AA2B9DE78400F05045 /* LaunchScreen.storyboard */,
				8E7FB8822B9DE37900F05045 /* Preview Content */,
			);
			path = LineMessenger;
			sourceTree = "<group>";
		};
		8E7FB8822B9DE37900F05045 /* Preview Content */ = {
			isa = PBXGroup;
			children = (
				8E7FB8832B9DE37900F05045 /* Preview Assets.xcassets */,
			);
			path = "Preview Content";
			sourceTree = "<group>";
		};
		8E7FB88C2B9DE37A00F05045 /* LineMessengerTests */ = {
			isa = PBXGroup;
			children = (
				8E7FB88D2B9DE37A00F05045 /* LineMessengerTests.swift */,
			);
			path = LineMessengerTests;
			sourceTree = "<group>";
		};
		8E7FB8962B9DE37A00F05045 /* LineMessengerUITests */ = {
			isa = PBXGroup;
			children = (
				8E7FB8972B9DE37A00F05045 /* LineMessengerUITests.swift */,
				8E7FB8992B9DE37A00F05045 /* LineMessengerUITestsLaunchTests.swift */,
			);
			path = LineMessengerUITests;
			sourceTree = "<group>";
		};
		8E7FB8A82B9DE67900F05045 /* Resource */ = {
			isa = PBXGroup;
			children = (
				8E7FB8802B9DE37900F05045 /* Assets.xcassets */,
				8E7FB8A62B9DE66000F05045 /* Colors.xcassets */,
			);
			path = Resource;
			sourceTree = "<group>";
		};
		8E7FB8AC2B9DE8FE00F05045 /* General */ = {
			isa = PBXGroup;
			children = (
				8E7FB8AD2B9DE91100F05045 /* DIContainer.swift */,
			);
			path = General;
			sourceTree = "<group>";
		};
		8E7FB8AF2B9DE92800F05045 /* Services */ = {
			isa = PBXGroup;
			children = (
				8E7FB8B02B9DE93100F05045 /* Services.swift */,
				8E7FB8BF2B9DECA500F05045 /* AuthenticationService.swift */,
				8E7FB8D12B9EE2E800F05045 /* ServiceError.swift */,
			);
			path = Services;
			sourceTree = "<group>";
		};
		8E7FB8B22B9DE9D500F05045 /* View */ = {
			isa = PBXGroup;
			children = (
				8E7FB8C22B9DEE8F00F05045 /* MainTab */,
				8E7FB8C12B9DEE8100F05045 /* Login */,
				8E7FB8B32B9DE9DC00F05045 /* Authentication */,
			);
			path = View;
			sourceTree = "<group>";
		};
		8E7FB8B32B9DE9DC00F05045 /* Authentication */ = {
			isa = PBXGroup;
			children = (
				8E7FB87E2B9DE37700F05045 /* AuthenticatedView.swift */,
				8E7FB8B42B9DEA0800F05045 /* AuthenticationViewModel.swift */,
			);
			path = Authentication;
			sourceTree = "<group>";
		};
		8E7FB8C12B9DEE8100F05045 /* Login */ = {
			isa = PBXGroup;
			children = (
				8E7FB8C32B9DEEAB00F05045 /* LoginIntroView.swift */,
				8E7FB8C72B9ED8FB00F05045 /* LoginView.swift */,
				8E7FB8C92B9ED9E200F05045 /* LoginButtonStyle.swift */,
			);
			path = Login;
			sourceTree = "<group>";
		};
		8E7FB8C22B9DEE8F00F05045 /* MainTab */ = {
			isa = PBXGroup;
			children = (
				8E7FB8C52B9DEECD00F05045 /* MainTabView.swift */,
			);
			path = MainTab;
			sourceTree = "<group>";
		};
		8E7FB8CE2B9EE29000F05045 /* Model */ = {
			isa = PBXGroup;
			children = (
				8E7FB8CF2B9EE29700F05045 /* User.swift */,
			);
			path = Model;
			sourceTree = "<group>";
		};
		8E7FB8D42B9F483D00F05045 /* Util */ = {
			isa = PBXGroup;
			children = (
				8E7FB8D52B9F489800F05045 /* RandomNonceString.swift */,
				8E7FB8D72B9F48AB00F05045 /* SHA256.swift */,
			);
			path = Util;
			sourceTree = "<group>";
		};
/* End PBXGroup section */

/* Begin PBXNativeTarget section */
		8E7FB8782B9DE37700F05045 /* LineMessenger */ = {
			isa = PBXNativeTarget;
			buildConfigurationList = 8E7FB89D2B9DE37A00F05045 /* Build configuration list for PBXNativeTarget "LineMessenger" */;
			buildPhases = (
				8E7FB8752B9DE37700F05045 /* Sources */,
				8E7FB8762B9DE37700F05045 /* Frameworks */,
				8E7FB8772B9DE37700F05045 /* Resources */,
			);
			buildRules = (
			);
			dependencies = (
			);
			name = LineMessenger;
			packageProductDependencies = (
				8E7FB8B92B9DEB5B00F05045 /* FirebaseAuth */,
				8E7FB8CC2B9EE17900F05045 /* GoogleSignIn */,
			);
			productName = LineMessenger;
			productReference = 8E7FB8792B9DE37700F05045 /* LineMessenger.app */;
			productType = "com.apple.product-type.application";
		};
		8E7FB8882B9DE37A00F05045 /* LineMessengerTests */ = {
			isa = PBXNativeTarget;
			buildConfigurationList = 8E7FB8A02B9DE37A00F05045 /* Build configuration list for PBXNativeTarget "LineMessengerTests" */;
			buildPhases = (
				8E7FB8852B9DE37A00F05045 /* Sources */,
				8E7FB8862B9DE37A00F05045 /* Frameworks */,
				8E7FB8872B9DE37A00F05045 /* Resources */,
			);
			buildRules = (
			);
			dependencies = (
				8E7FB88B2B9DE37A00F05045 /* PBXTargetDependency */,
			);
			name = LineMessengerTests;
			productName = LineMessengerTests;
			productReference = 8E7FB8892B9DE37A00F05045 /* LineMessengerTests.xctest */;
			productType = "com.apple.product-type.bundle.unit-test";
		};
		8E7FB8922B9DE37A00F05045 /* LineMessengerUITests */ = {
			isa = PBXNativeTarget;
			buildConfigurationList = 8E7FB8A32B9DE37A00F05045 /* Build configuration list for PBXNativeTarget "LineMessengerUITests" */;
			buildPhases = (
				8E7FB88F2B9DE37A00F05045 /* Sources */,
				8E7FB8902B9DE37A00F05045 /* Frameworks */,
				8E7FB8912B9DE37A00F05045 /* Resources */,
			);
			buildRules = (
			);
			dependencies = (
				8E7FB8952B9DE37A00F05045 /* PBXTargetDependency */,
			);
			name = LineMessengerUITests;
			productName = LineMessengerUITests;
			productReference = 8E7FB8932B9DE37A00F05045 /* LineMessengerUITests.xctest */;
			productType = "com.apple.product-type.bundle.ui-testing";
		};
/* End PBXNativeTarget section */

/* Begin PBXProject section */
		8E7FB8712B9DE37700F05045 /* Project object */ = {
			isa = PBXProject;
			attributes = {
				BuildIndependentTargetsInParallel = 1;
				LastSwiftUpdateCheck = 1530;
				LastUpgradeCheck = 1530;
				TargetAttributes = {
					8E7FB8782B9DE37700F05045 = {
						CreatedOnToolsVersion = 15.3;
					};
					8E7FB8882B9DE37A00F05045 = {
						CreatedOnToolsVersion = 15.3;
						TestTargetID = 8E7FB8782B9DE37700F05045;
					};
					8E7FB8922B9DE37A00F05045 = {
						CreatedOnToolsVersion = 15.3;
						TestTargetID = 8E7FB8782B9DE37700F05045;
					};
				};
			};
			buildConfigurationList = 8E7FB8742B9DE37700F05045 /* Build configuration list for PBXProject "LineMessenger" */;
			compatibilityVersion = "Xcode 14.0";
			developmentRegion = en;
			hasScannedForEncodings = 0;
			knownRegions = (
				en,
				Base,
			);
			mainGroup = 8E7FB8702B9DE37700F05045;
			packageReferences = (
				8E7FB8B82B9DEB5B00F05045 /* XCRemoteSwiftPackageReference "firebase-ios-sdk" */,
				8E7FB8CB2B9EE17900F05045 /* XCRemoteSwiftPackageReference "GoogleSignIn-iOS" */,
			);
			productRefGroup = 8E7FB87A2B9DE37700F05045 /* Products */;
			projectDirPath = "";
			projectRoot = "";
			targets = (
				8E7FB8782B9DE37700F05045 /* LineMessenger */,
				8E7FB8882B9DE37A00F05045 /* LineMessengerTests */,
				8E7FB8922B9DE37A00F05045 /* LineMessengerUITests */,
			);
		};
/* End PBXProject section */

/* Begin PBXResourcesBuildPhase section */
		8E7FB8772B9DE37700F05045 /* Resources */ = {
			isa = PBXResourcesBuildPhase;
			buildActionMask = 2147483647;
			files = (
				8E7FB8BE2B9DEC3D00F05045 /* GoogleService-Info.plist in Resources */,
				8E7FB8A72B9DE66000F05045 /* Colors.xcassets in Resources */,
				8E7FB8AB2B9DE78400F05045 /* LaunchScreen.storyboard in Resources */,
				8E7FB8842B9DE37900F05045 /* Preview Assets.xcassets in Resources */,
				8E7FB8812B9DE37900F05045 /* Assets.xcassets in Resources */,
			);
			runOnlyForDeploymentPostprocessing = 0;
		};
		8E7FB8872B9DE37A00F05045 /* Resources */ = {
			isa = PBXResourcesBuildPhase;
			buildActionMask = 2147483647;
			files = (
			);
			runOnlyForDeploymentPostprocessing = 0;
		};
		8E7FB8912B9DE37A00F05045 /* Resources */ = {
			isa = PBXResourcesBuildPhase;
			buildActionMask = 2147483647;
			files = (
			);
			runOnlyForDeploymentPostprocessing = 0;
		};
/* End PBXResourcesBuildPhase section */

/* Begin PBXSourcesBuildPhase section */
		8E7FB8752B9DE37700F05045 /* Sources */ = {
			isa = PBXSourcesBuildPhase;
			buildActionMask = 2147483647;
			files = (
				8E7FB8BC2B9DEBA100F05045 /* AppDelegate.swift in Sources */,
				8E7FB87F2B9DE37700F05045 /* AuthenticatedView.swift in Sources */,
				8E7FB8C62B9DEECD00F05045 /* MainTabView.swift in Sources */,
				8E7FB8B52B9DEA0800F05045 /* AuthenticationViewModel.swift in Sources */,
				8E7FB8B12B9DE93100F05045 /* Services.swift in Sources */,
				8E7FB8AE2B9DE91100F05045 /* DIContainer.swift in Sources */,
				8E7FB87D2B9DE37700F05045 /* LineMessengerApp.swift in Sources */,
				8E7FB8D62B9F489800F05045 /* RandomNonceString.swift in Sources */,
				8E7FB8C02B9DECA500F05045 /* AuthenticationService.swift in Sources */,
				8E7FB8D22B9EE2E800F05045 /* ServiceError.swift in Sources */,
				8E7FB8D02B9EE29700F05045 /* User.swift in Sources */,
				8E7FB8D82B9F48AB00F05045 /* SHA256.swift in Sources */,
				8E7FB8C82B9ED8FB00F05045 /* LoginView.swift in Sources */,
				8E7FB8C42B9DEEAB00F05045 /* LoginIntroView.swift in Sources */,
				8E7FB8CA2B9ED9E200F05045 /* LoginButtonStyle.swift in Sources */,
			);
			runOnlyForDeploymentPostprocessing = 0;
		};
		8E7FB8852B9DE37A00F05045 /* Sources */ = {
			isa = PBXSourcesBuildPhase;
			buildActionMask = 2147483647;
			files = (
				8E7FB88E2B9DE37A00F05045 /* LineMessengerTests.swift in Sources */,
			);
			runOnlyForDeploymentPostprocessing = 0;
		};
		8E7FB88F2B9DE37A00F05045 /* Sources */ = {
			isa = PBXSourcesBuildPhase;
			buildActionMask = 2147483647;
			files = (
				8E7FB89A2B9DE37A00F05045 /* LineMessengerUITestsLaunchTests.swift in Sources */,
				8E7FB8982B9DE37A00F05045 /* LineMessengerUITests.swift in Sources */,
			);
			runOnlyForDeploymentPostprocessing = 0;
		};
/* End PBXSourcesBuildPhase section */

/* Begin PBXTargetDependency section */
		8E7FB88B2B9DE37A00F05045 /* PBXTargetDependency */ = {
			isa = PBXTargetDependency;
			target = 8E7FB8782B9DE37700F05045 /* LineMessenger */;
			targetProxy = 8E7FB88A2B9DE37A00F05045 /* PBXContainerItemProxy */;
		};
		8E7FB8952B9DE37A00F05045 /* PBXTargetDependency */ = {
			isa = PBXTargetDependency;
			target = 8E7FB8782B9DE37700F05045 /* LineMessenger */;
			targetProxy = 8E7FB8942B9DE37A00F05045 /* PBXContainerItemProxy */;
		};
/* End PBXTargetDependency section */

/* Begin XCBuildConfiguration section */
		8E7FB89B2B9DE37A00F05045 /* Debug */ = {
			isa = XCBuildConfiguration;
			buildSettings = {
				ALWAYS_SEARCH_USER_PATHS = NO;
				ASSETCATALOG_COMPILER_GENERATE_SWIFT_ASSET_SYMBOL_EXTENSIONS = YES;
				CLANG_ANALYZER_NONNULL = YES;
				CLANG_ANALYZER_NUMBER_OBJECT_CONVERSION = YES_AGGRESSIVE;
				CLANG_CXX_LANGUAGE_STANDARD = "gnu++20";
				CLANG_ENABLE_MODULES = YES;
				CLANG_ENABLE_OBJC_ARC = YES;
				CLANG_ENABLE_OBJC_WEAK = YES;
				CLANG_WARN_BLOCK_CAPTURE_AUTORELEASING = YES;
				CLANG_WARN_BOOL_CONVERSION = YES;
				CLANG_WARN_COMMA = YES;
				CLANG_WARN_CONSTANT_CONVERSION = YES;
				CLANG_WARN_DEPRECATED_OBJC_IMPLEMENTATIONS = YES;
				CLANG_WARN_DIRECT_OBJC_ISA_USAGE = YES_ERROR;
				CLANG_WARN_DOCUMENTATION_COMMENTS = YES;
				CLANG_WARN_EMPTY_BODY = YES;
				CLANG_WARN_ENUM_CONVERSION = YES;
				CLANG_WARN_INFINITE_RECURSION = YES;
				CLANG_WARN_INT_CONVERSION = YES;
				CLANG_WARN_NON_LITERAL_NULL_CONVERSION = YES;
				CLANG_WARN_OBJC_IMPLICIT_RETAIN_SELF = YES;
				CLANG_WARN_OBJC_LITERAL_CONVERSION = YES;
				CLANG_WARN_OBJC_ROOT_CLASS = YES_ERROR;
				CLANG_WARN_QUOTED_INCLUDE_IN_FRAMEWORK_HEADER = YES;
				CLANG_WARN_RANGE_LOOP_ANALYSIS = YES;
				CLANG_WARN_STRICT_PROTOTYPES = YES;
				CLANG_WARN_SUSPICIOUS_MOVE = YES;
				CLANG_WARN_UNGUARDED_AVAILABILITY = YES_AGGRESSIVE;
				CLANG_WARN_UNREACHABLE_CODE = YES;
				CLANG_WARN__DUPLICATE_METHOD_MATCH = YES;
				COPY_PHASE_STRIP = NO;
				DEBUG_INFORMATION_FORMAT = dwarf;
				ENABLE_STRICT_OBJC_MSGSEND = YES;
				ENABLE_TESTABILITY = YES;
				ENABLE_USER_SCRIPT_SANDBOXING = YES;
				GCC_C_LANGUAGE_STANDARD = gnu17;
				GCC_DYNAMIC_NO_PIC = NO;
				GCC_NO_COMMON_BLOCKS = YES;
				GCC_OPTIMIZATION_LEVEL = 0;
				GCC_PREPROCESSOR_DEFINITIONS = (
					"DEBUG=1",
					"$(inherited)",
				);
				GCC_WARN_64_TO_32_BIT_CONVERSION = YES;
				GCC_WARN_ABOUT_RETURN_TYPE = YES_ERROR;
				GCC_WARN_UNDECLARED_SELECTOR = YES;
				GCC_WARN_UNINITIALIZED_AUTOS = YES_AGGRESSIVE;
				GCC_WARN_UNUSED_FUNCTION = YES;
				GCC_WARN_UNUSED_VARIABLE = YES;
				IPHONEOS_DEPLOYMENT_TARGET = 17.4;
				LOCALIZATION_PREFERS_STRING_CATALOGS = YES;
				MTL_ENABLE_DEBUG_INFO = INCLUDE_SOURCE;
				MTL_FAST_MATH = YES;
				ONLY_ACTIVE_ARCH = YES;
				SDKROOT = iphoneos;
				SWIFT_ACTIVE_COMPILATION_CONDITIONS = "DEBUG $(inherited)";
				SWIFT_OPTIMIZATION_LEVEL = "-Onone";
			};
			name = Debug;
		};
		8E7FB89C2B9DE37A00F05045 /* Release */ = {
			isa = XCBuildConfiguration;
			buildSettings = {
				ALWAYS_SEARCH_USER_PATHS = NO;
				ASSETCATALOG_COMPILER_GENERATE_SWIFT_ASSET_SYMBOL_EXTENSIONS = YES;
				CLANG_ANALYZER_NONNULL = YES;
				CLANG_ANALYZER_NUMBER_OBJECT_CONVERSION = YES_AGGRESSIVE;
				CLANG_CXX_LANGUAGE_STANDARD = "gnu++20";
				CLANG_ENABLE_MODULES = YES;
				CLANG_ENABLE_OBJC_ARC = YES;
				CLANG_ENABLE_OBJC_WEAK = YES;
				CLANG_WARN_BLOCK_CAPTURE_AUTORELEASING = YES;
				CLANG_WARN_BOOL_CONVERSION = YES;
				CLANG_WARN_COMMA = YES;
				CLANG_WARN_CONSTANT_CONVERSION = YES;
				CLANG_WARN_DEPRECATED_OBJC_IMPLEMENTATIONS = YES;
				CLANG_WARN_DIRECT_OBJC_ISA_USAGE = YES_ERROR;
				CLANG_WARN_DOCUMENTATION_COMMENTS = YES;
				CLANG_WARN_EMPTY_BODY = YES;
				CLANG_WARN_ENUM_CONVERSION = YES;
				CLANG_WARN_INFINITE_RECURSION = YES;
				CLANG_WARN_INT_CONVERSION = YES;
				CLANG_WARN_NON_LITERAL_NULL_CONVERSION = YES;
				CLANG_WARN_OBJC_IMPLICIT_RETAIN_SELF = YES;
				CLANG_WARN_OBJC_LITERAL_CONVERSION = YES;
				CLANG_WARN_OBJC_ROOT_CLASS = YES_ERROR;
				CLANG_WARN_QUOTED_INCLUDE_IN_FRAMEWORK_HEADER = YES;
				CLANG_WARN_RANGE_LOOP_ANALYSIS = YES;
				CLANG_WARN_STRICT_PROTOTYPES = YES;
				CLANG_WARN_SUSPICIOUS_MOVE = YES;
				CLANG_WARN_UNGUARDED_AVAILABILITY = YES_AGGRESSIVE;
				CLANG_WARN_UNREACHABLE_CODE = YES;
				CLANG_WARN__DUPLICATE_METHOD_MATCH = YES;
				COPY_PHASE_STRIP = NO;
				DEBUG_INFORMATION_FORMAT = "dwarf-with-dsym";
				ENABLE_NS_ASSERTIONS = NO;
				ENABLE_STRICT_OBJC_MSGSEND = YES;
				ENABLE_USER_SCRIPT_SANDBOXING = YES;
				GCC_C_LANGUAGE_STANDARD = gnu17;
				GCC_NO_COMMON_BLOCKS = YES;
				GCC_WARN_64_TO_32_BIT_CONVERSION = YES;
				GCC_WARN_ABOUT_RETURN_TYPE = YES_ERROR;
				GCC_WARN_UNDECLARED_SELECTOR = YES;
				GCC_WARN_UNINITIALIZED_AUTOS = YES_AGGRESSIVE;
				GCC_WARN_UNUSED_FUNCTION = YES;
				GCC_WARN_UNUSED_VARIABLE = YES;
				IPHONEOS_DEPLOYMENT_TARGET = 17.4;
				LOCALIZATION_PREFERS_STRING_CATALOGS = YES;
				MTL_ENABLE_DEBUG_INFO = NO;
				MTL_FAST_MATH = YES;
				SDKROOT = iphoneos;
				SWIFT_COMPILATION_MODE = wholemodule;
				VALIDATE_PRODUCT = YES;
			};
			name = Release;
		};
		8E7FB89E2B9DE37A00F05045 /* Debug */ = {
			isa = XCBuildConfiguration;
			buildSettings = {
				ASSETCATALOG_COMPILER_APPICON_NAME = AppIcon;
				ASSETCATALOG_COMPILER_GLOBAL_ACCENT_COLOR_NAME = AccentColor;
				CODE_SIGN_ENTITLEMENTS = LineMessenger/LineMessenger.entitlements;
				CODE_SIGN_STYLE = Automatic;
				CURRENT_PROJECT_VERSION = 1;
				DEVELOPMENT_ASSET_PATHS = "\"LineMessenger/Preview Content\"";
				DEVELOPMENT_TEAM = 9GGZWXBXQ6;
				ENABLE_PREVIEWS = YES;
				GENERATE_INFOPLIST_FILE = YES;
				INFOPLIST_FILE = LineMessenger/Info.plist;
				INFOPLIST_KEY_UIApplicationSceneManifest_Generation = YES;
				INFOPLIST_KEY_UIApplicationSupportsIndirectInputEvents = YES;
				INFOPLIST_KEY_UILaunchStoryboardName = LaunchScreen;
				INFOPLIST_KEY_UISupportedInterfaceOrientations = UIInterfaceOrientationPortrait;
				IPHONEOS_DEPLOYMENT_TARGET = 16.0;
				LD_RUNPATH_SEARCH_PATHS = (
					"$(inherited)",
					"@executable_path/Frameworks",
				);
				MARKETING_VERSION = 1.0;
				PRODUCT_BUNDLE_IDENTIFIER = YangCustom.LineMessenger;
				PRODUCT_NAME = "$(TARGET_NAME)";
				SWIFT_EMIT_LOC_STRINGS = YES;
				SWIFT_VERSION = 5.0;
				TARGETED_DEVICE_FAMILY = "1,2";
			};
			name = Debug;
		};
		8E7FB89F2B9DE37A00F05045 /* Release */ = {
			isa = XCBuildConfiguration;
			buildSettings = {
				ASSETCATALOG_COMPILER_APPICON_NAME = AppIcon;
				ASSETCATALOG_COMPILER_GLOBAL_ACCENT_COLOR_NAME = AccentColor;
				CODE_SIGN_ENTITLEMENTS = LineMessenger/LineMessenger.entitlements;
				CODE_SIGN_STYLE = Automatic;
				CURRENT_PROJECT_VERSION = 1;
				DEVELOPMENT_ASSET_PATHS = "\"LineMessenger/Preview Content\"";
				DEVELOPMENT_TEAM = 9GGZWXBXQ6;
				ENABLE_PREVIEWS = YES;
				GENERATE_INFOPLIST_FILE = YES;
				INFOPLIST_FILE = LineMessenger/Info.plist;
				INFOPLIST_KEY_UIApplicationSceneManifest_Generation = YES;
				INFOPLIST_KEY_UIApplicationSupportsIndirectInputEvents = YES;
				INFOPLIST_KEY_UILaunchStoryboardName = LaunchScreen;
				INFOPLIST_KEY_UISupportedInterfaceOrientations = UIInterfaceOrientationPortrait;
				IPHONEOS_DEPLOYMENT_TARGET = 16.0;
				LD_RUNPATH_SEARCH_PATHS = (
					"$(inherited)",
					"@executable_path/Frameworks",
				);
				MARKETING_VERSION = 1.0;
				PRODUCT_BUNDLE_IDENTIFIER = YangCustom.LineMessenger;
				PRODUCT_NAME = "$(TARGET_NAME)";
				SWIFT_EMIT_LOC_STRINGS = YES;
				SWIFT_VERSION = 5.0;
				TARGETED_DEVICE_FAMILY = "1,2";
			};
			name = Release;
		};
		8E7FB8A12B9DE37A00F05045 /* Debug */ = {
			isa = XCBuildConfiguration;
			buildSettings = {
				ALWAYS_EMBED_SWIFT_STANDARD_LIBRARIES = YES;
				BUNDLE_LOADER = "$(TEST_HOST)";
				CODE_SIGN_STYLE = Automatic;
				CURRENT_PROJECT_VERSION = 1;
				DEVELOPMENT_TEAM = 9GGZWXBXQ6;
				GENERATE_INFOPLIST_FILE = YES;
				IPHONEOS_DEPLOYMENT_TARGET = 17.4;
				MARKETING_VERSION = 1.0;
				PRODUCT_BUNDLE_IDENTIFIER = YangCustom.LineMessengerTests;
				PRODUCT_NAME = "$(TARGET_NAME)";
				SWIFT_EMIT_LOC_STRINGS = NO;
				SWIFT_VERSION = 5.0;
				TARGETED_DEVICE_FAMILY = "1,2";
				TEST_HOST = "$(BUILT_PRODUCTS_DIR)/LineMessenger.app/$(BUNDLE_EXECUTABLE_FOLDER_PATH)/LineMessenger";
			};
			name = Debug;
		};
		8E7FB8A22B9DE37A00F05045 /* Release */ = {
			isa = XCBuildConfiguration;
			buildSettings = {
				ALWAYS_EMBED_SWIFT_STANDARD_LIBRARIES = YES;
				BUNDLE_LOADER = "$(TEST_HOST)";
				CODE_SIGN_STYLE = Automatic;
				CURRENT_PROJECT_VERSION = 1;
				DEVELOPMENT_TEAM = 9GGZWXBXQ6;
				GENERATE_INFOPLIST_FILE = YES;
				IPHONEOS_DEPLOYMENT_TARGET = 17.4;
				MARKETING_VERSION = 1.0;
				PRODUCT_BUNDLE_IDENTIFIER = YangCustom.LineMessengerTests;
				PRODUCT_NAME = "$(TARGET_NAME)";
				SWIFT_EMIT_LOC_STRINGS = NO;
				SWIFT_VERSION = 5.0;
				TARGETED_DEVICE_FAMILY = "1,2";
				TEST_HOST = "$(BUILT_PRODUCTS_DIR)/LineMessenger.app/$(BUNDLE_EXECUTABLE_FOLDER_PATH)/LineMessenger";
			};
			name = Release;
		};
		8E7FB8A42B9DE37A00F05045 /* Debug */ = {
			isa = XCBuildConfiguration;
			buildSettings = {
				ALWAYS_EMBED_SWIFT_STANDARD_LIBRARIES = YES;
				CODE_SIGN_STYLE = Automatic;
				CURRENT_PROJECT_VERSION = 1;
				DEVELOPMENT_TEAM = 9GGZWXBXQ6;
				GENERATE_INFOPLIST_FILE = YES;
				MARKETING_VERSION = 1.0;
				PRODUCT_BUNDLE_IDENTIFIER = YangCustom.LineMessengerUITests;
				PRODUCT_NAME = "$(TARGET_NAME)";
				SWIFT_EMIT_LOC_STRINGS = NO;
				SWIFT_VERSION = 5.0;
				TARGETED_DEVICE_FAMILY = "1,2";
				TEST_TARGET_NAME = LineMessenger;
			};
			name = Debug;
		};
		8E7FB8A52B9DE37A00F05045 /* Release */ = {
			isa = XCBuildConfiguration;
			buildSettings = {
				ALWAYS_EMBED_SWIFT_STANDARD_LIBRARIES = YES;
				CODE_SIGN_STYLE = Automatic;
				CURRENT_PROJECT_VERSION = 1;
				DEVELOPMENT_TEAM = 9GGZWXBXQ6;
				GENERATE_INFOPLIST_FILE = YES;
				MARKETING_VERSION = 1.0;
				PRODUCT_BUNDLE_IDENTIFIER = YangCustom.LineMessengerUITests;
				PRODUCT_NAME = "$(TARGET_NAME)";
				SWIFT_EMIT_LOC_STRINGS = NO;
				SWIFT_VERSION = 5.0;
				TARGETED_DEVICE_FAMILY = "1,2";
				TEST_TARGET_NAME = LineMessenger;
			};
			name = Release;
		};
/* End XCBuildConfiguration section */

/* Begin XCConfigurationList section */
		8E7FB8742B9DE37700F05045 /* Build configuration list for PBXProject "LineMessenger" */ = {
			isa = XCConfigurationList;
			buildConfigurations = (
				8E7FB89B2B9DE37A00F05045 /* Debug */,
				8E7FB89C2B9DE37A00F05045 /* Release */,
			);
			defaultConfigurationIsVisible = 0;
			defaultConfigurationName = Release;
		};
		8E7FB89D2B9DE37A00F05045 /* Build configuration list for PBXNativeTarget "LineMessenger" */ = {
			isa = XCConfigurationList;
			buildConfigurations = (
				8E7FB89E2B9DE37A00F05045 /* Debug */,
				8E7FB89F2B9DE37A00F05045 /* Release */,
			);
			defaultConfigurationIsVisible = 0;
			defaultConfigurationName = Release;
		};
		8E7FB8A02B9DE37A00F05045 /* Build configuration list for PBXNativeTarget "LineMessengerTests" */ = {
			isa = XCConfigurationList;
			buildConfigurations = (
				8E7FB8A12B9DE37A00F05045 /* Debug */,
				8E7FB8A22B9DE37A00F05045 /* Release */,
			);
			defaultConfigurationIsVisible = 0;
			defaultConfigurationName = Release;
		};
		8E7FB8A32B9DE37A00F05045 /* Build configuration list for PBXNativeTarget "LineMessengerUITests" */ = {
			isa = XCConfigurationList;
			buildConfigurations = (
				8E7FB8A42B9DE37A00F05045 /* Debug */,
				8E7FB8A52B9DE37A00F05045 /* Release */,
			);
			defaultConfigurationIsVisible = 0;
			defaultConfigurationName = Release;
		};
/* End XCConfigurationList section */

/* Begin XCRemoteSwiftPackageReference section */
		8E7FB8B82B9DEB5B00F05045 /* XCRemoteSwiftPackageReference "firebase-ios-sdk" */ = {
			isa = XCRemoteSwiftPackageReference;
			repositoryURL = "https://github.com/firebase/firebase-ios-sdk";
			requirement = {
				kind = upToNextMajorVersion;
				minimumVersion = 10.22.1;
			};
		};
		8E7FB8CB2B9EE17900F05045 /* XCRemoteSwiftPackageReference "GoogleSignIn-iOS" */ = {
			isa = XCRemoteSwiftPackageReference;
			repositoryURL = "https://github.com/google/GoogleSignIn-iOS";
			requirement = {
				kind = upToNextMajorVersion;
				minimumVersion = 7.0.0;
			};
		};
/* End XCRemoteSwiftPackageReference section */

/* Begin XCSwiftPackageProductDependency section */
		8E7FB8B92B9DEB5B00F05045 /* FirebaseAuth */ = {
			isa = XCSwiftPackageProductDependency;
			package = 8E7FB8B82B9DEB5B00F05045 /* XCRemoteSwiftPackageReference "firebase-ios-sdk" */;
			productName = FirebaseAuth;
		};
		8E7FB8CC2B9EE17900F05045 /* GoogleSignIn */ = {
			isa = XCSwiftPackageProductDependency;
			package = 8E7FB8CB2B9EE17900F05045 /* XCRemoteSwiftPackageReference "GoogleSignIn-iOS" */;
			productName = GoogleSignIn;
		};
/* End XCSwiftPackageProductDependency section */
	};
	rootObject = 8E7FB8712B9DE37700F05045 /* Project object */;
}
